// !$*UTF8*$!
{
	archiveVersion = 1;
	classes = {
	};
	objectVersion = 46;
	objects = {

/* Begin PBXBuildFile section */
		852B87F41C4F936E00D9479A /* main.m in Sources */ = {isa = PBXBuildFile; fileRef = 852B87F31C4F936E00D9479A /* main.m */; };
		852B87F71C4F936E00D9479A /* AppDelegate.m in Sources */ = {isa = PBXBuildFile; fileRef = 852B87F61C4F936E00D9479A /* AppDelegate.m */; };
		852B87FD1C4F936E00D9479A /* Main.storyboard in Resources */ = {isa = PBXBuildFile; fileRef = 852B87FB1C4F936E00D9479A /* Main.storyboard */; };
		852B87FF1C4F936E00D9479A /* Assets.xcassets in Resources */ = {isa = PBXBuildFile; fileRef = 852B87FE1C4F936E00D9479A /* Assets.xcassets */; };
		852B88021C4F936E00D9479A /* LaunchScreen.storyboard in Resources */ = {isa = PBXBuildFile; fileRef = 852B88001C4F936E00D9479A /* LaunchScreen.storyboard */; };
		EC0AA2BC1CC7B1A300CACA44 /* PickImageViewController.m in Sources */ = {isa = PBXBuildFile; fileRef = EC0AA2BB1CC7B1A300CACA44 /* PickImageViewController.m */; };
		EC10969F1CD10285006A8484 /* NavBarViewController.m in Sources */ = {isa = PBXBuildFile; fileRef = EC10969E1CD10285006A8484 /* NavBarViewController.m */; };
		EC1096A21CD102CA006A8484 /* TestTableViewController.m in Sources */ = {isa = PBXBuildFile; fileRef = EC1096A11CD102CA006A8484 /* TestTableViewController.m */; };
		EC30ACCA1CCD27D7005BD274 /* ZXYTabBarController.m in Sources */ = {isa = PBXBuildFile; fileRef = EC30ACC91CCD27D7005BD274 /* ZXYTabBarController.m */; };
		EC30ACD21CCDB282005BD274 /* GooViewController.m in Sources */ = {isa = PBXBuildFile; fileRef = EC30ACD11CCDB282005BD274 /* GooViewController.m */; };
		EC3531F91CBBB794006D0F50 /* PageViewController.m in Sources */ = {isa = PBXBuildFile; fileRef = EC3531F81CBBB794006D0F50 /* PageViewController.m */; };
		EC4CCCEF1CC3D25500BD08E4 /* MenuViewController.m in Sources */ = {isa = PBXBuildFile; fileRef = EC4CCCEE1CC3D25500BD08E4 /* MenuViewController.m */; };
		EC9E6A081CE573F800466225 /* NSString+Hash.m in Sources */ = {isa = PBXBuildFile; fileRef = EC9E69D51CE573F800466225 /* NSString+Hash.m */; };
		EC9E6A091CE573F800466225 /* ZXYNetTask.m in Sources */ = {isa = PBXBuildFile; fileRef = EC9E69D71CE573F800466225 /* ZXYNetTask.m */; };
		EC9E6A0A1CE573F800466225 /* ZXYNetTool.m in Sources */ = {isa = PBXBuildFile; fileRef = EC9E69D91CE573F800466225 /* ZXYNetTool.m */; };
		EC9E6A0B1CE573F800466225 /* ZXYPageView.m in Sources */ = {isa = PBXBuildFile; fileRef = EC9E69DC1CE573F800466225 /* ZXYPageView.m */; };
		EC9E6A0C1CE573F800466225 /* CALayer+ZXYAnimation.m in Sources */ = {isa = PBXBuildFile; fileRef = EC9E69E01CE573F800466225 /* CALayer+ZXYAnimation.m */; };
		EC9E6A0D1CE573F800466225 /* ZXYAnimation.m in Sources */ = {isa = PBXBuildFile; fileRef = EC9E69E21CE573F800466225 /* ZXYAnimation.m */; };
		EC9E6A0E1CE573F800466225 /* ZXYAnimationMaker.m in Sources */ = {isa = PBXBuildFile; fileRef = EC9E69E41CE573F800466225 /* ZXYAnimationMaker.m */; };
		EC9E6A0F1CE573F800466225 /* ZXYKeyframeAnimation.m in Sources */ = {isa = PBXBuildFile; fileRef = EC9E69E61CE573F800466225 /* ZXYKeyframeAnimation.m */; };
		EC9E6A101CE573F800466225 /* ZXYGooView.m in Sources */ = {isa = PBXBuildFile; fileRef = EC9E69EA1CE573F800466225 /* ZXYGooView.m */; };
		EC9E6A111CE573F800466225 /* ZXYGraphModel.m in Sources */ = {isa = PBXBuildFile; fileRef = EC9E69ED1CE573F800466225 /* ZXYGraphModel.m */; };
		EC9E6A121CE573F800466225 /* ZXYGraphView.m in Sources */ = {isa = PBXBuildFile; fileRef = EC9E69EF1CE573F800466225 /* ZXYGraphView.m */; };
		EC9E6A131CE573F800466225 /* ZXYMenuView.m in Sources */ = {isa = PBXBuildFile; fileRef = EC9E69F21CE573F800466225 /* ZXYMenuView.m */; };
		EC9E6A141CE573F800466225 /* ZXYMenuViewController.m in Sources */ = {isa = PBXBuildFile; fileRef = EC9E69F41CE573F800466225 /* ZXYMenuViewController.m */; };
		EC9E6A151CE573F800466225 /* ZXYHorizontalNavBar.xib in Resources */ = {isa = PBXBuildFile; fileRef = EC9E69F61CE573F800466225 /* ZXYHorizontalNavBar.xib */; };
		EC9E6A161CE573F800466225 /* ZXYNavBarItem.m in Sources */ = {isa = PBXBuildFile; fileRef = EC9E69F81CE573F800466225 /* ZXYNavBarItem.m */; };
		EC9E6A171CE573F800466225 /* ZXYNavBarView.m in Sources */ = {isa = PBXBuildFile; fileRef = EC9E69FA1CE573F800466225 /* ZXYNavBarView.m */; };
		EC9E6A181CE573F800466225 /* ZXYVerticalNavBar.xib in Resources */ = {isa = PBXBuildFile; fileRef = EC9E69FB1CE573F800466225 /* ZXYVerticalNavBar.xib */; };
		EC9E6A191CE573F800466225 /* ZXYClipView.m in Sources */ = {isa = PBXBuildFile; fileRef = EC9E69FE1CE573F800466225 /* ZXYClipView.m */; };
		EC9E6A1A1CE573F800466225 /* ZXYPickImageViewController.m in Sources */ = {isa = PBXBuildFile; fileRef = EC9E6A001CE573F800466225 /* ZXYPickImageViewController.m */; };
		EC9E6A1B1CE573F800466225 /* ZXYGooView.m in Sources */ = {isa = PBXBuildFile; fileRef = EC9E6A031CE573F800466225 /* ZXYGooView.m */; };
		EC9E6A1C1CE573F800466225 /* ZXYTabBar.m in Sources */ = {isa = PBXBuildFile; fileRef = EC9E6A051CE573F800466225 /* ZXYTabBar.m */; };
		EC9E6A1D1CE573F800466225 /* ZXYTabBarItem.m in Sources */ = {isa = PBXBuildFile; fileRef = EC9E6A071CE573F800466225 /* ZXYTabBarItem.m */; };
		EC9E6A231CE5740400466225 /* UIColor+ZXYColor.m in Sources */ = {isa = PBXBuildFile; fileRef = EC9E6A201CE5740400466225 /* UIColor+ZXYColor.m */; };
		EC9E6A241CE5740400466225 /* UIImage+ZXYImage.m in Sources */ = {isa = PBXBuildFile; fileRef = EC9E6A221CE5740400466225 /* UIImage+ZXYImage.m */; };
		EC9E6A531CE61A9A00466225 /* ZXYStateBarHUD.bundle in Resources */ = {isa = PBXBuildFile; fileRef = EC9E6A501CE61A9A00466225 /* ZXYStateBarHUD.bundle */; };
		EC9E6A541CE61A9A00466225 /* ZXYStateBarHUD.m in Sources */ = {isa = PBXBuildFile; fileRef = EC9E6A521CE61A9A00466225 /* ZXYStateBarHUD.m */; };
		ECECDC761CC9FB8F00FC8F34 /* GraphViewController.m in Sources */ = {isa = PBXBuildFile; fileRef = ECECDC751CC9FB8F00FC8F34 /* GraphViewController.m */; };
		ECECDC7A1CC9FBC200FC8F34 /* AnimationViewController.m in Sources */ = {isa = PBXBuildFile; fileRef = ECECDC791CC9FBC200FC8F34 /* AnimationViewController.m */; };
/* End PBXBuildFile section */

/* Begin PBXFileReference section */
		852B87EF1C4F936E00D9479A /* ZXYKit_Demo.app */ = {isa = PBXFileReference; explicitFileType = wrapper.application; includeInIndex = 0; path = ZXYKit_Demo.app; sourceTree = BUILT_PRODUCTS_DIR; };
		852B87F31C4F936E00D9479A /* main.m */ = {isa = PBXFileReference; lastKnownFileType = sourcecode.c.objc; path = main.m; sourceTree = "<group>"; };
		852B87F51C4F936E00D9479A /* AppDelegate.h */ = {isa = PBXFileReference; lastKnownFileType = sourcecode.c.h; path = AppDelegate.h; sourceTree = "<group>"; };
		852B87F61C4F936E00D9479A /* AppDelegate.m */ = {isa = PBXFileReference; lastKnownFileType = sourcecode.c.objc; path = AppDelegate.m; sourceTree = "<group>"; };
		852B87FC1C4F936E00D9479A /* Base */ = {isa = PBXFileReference; lastKnownFileType = file.storyboard; name = Base; path = Base.lproj/Main.storyboard; sourceTree = "<group>"; };
		852B87FE1C4F936E00D9479A /* Assets.xcassets */ = {isa = PBXFileReference; lastKnownFileType = folder.assetcatalog; path = Assets.xcassets; sourceTree = "<group>"; };
		852B88011C4F936E00D9479A /* Base */ = {isa = PBXFileReference; lastKnownFileType = file.storyboard; name = Base; path = Base.lproj/LaunchScreen.storyboard; sourceTree = "<group>"; };
		852B88031C4F936E00D9479A /* Info.plist */ = {isa = PBXFileReference; lastKnownFileType = text.plist.xml; path = Info.plist; sourceTree = "<group>"; };
		EC0AA2BA1CC7B1A300CACA44 /* PickImageViewController.h */ = {isa = PBXFileReference; fileEncoding = 4; lastKnownFileType = sourcecode.c.h; path = PickImageViewController.h; sourceTree = "<group>"; };
		EC0AA2BB1CC7B1A300CACA44 /* PickImageViewController.m */ = {isa = PBXFileReference; fileEncoding = 4; lastKnownFileType = sourcecode.c.objc; path = PickImageViewController.m; sourceTree = "<group>"; };
		EC10969D1CD10285006A8484 /* NavBarViewController.h */ = {isa = PBXFileReference; fileEncoding = 4; lastKnownFileType = sourcecode.c.h; path = NavBarViewController.h; sourceTree = "<group>"; };
		EC10969E1CD10285006A8484 /* NavBarViewController.m */ = {isa = PBXFileReference; fileEncoding = 4; lastKnownFileType = sourcecode.c.objc; path = NavBarViewController.m; sourceTree = "<group>"; };
		EC1096A01CD102CA006A8484 /* TestTableViewController.h */ = {isa = PBXFileReference; fileEncoding = 4; lastKnownFileType = sourcecode.c.h; path = TestTableViewController.h; sourceTree = "<group>"; };
		EC1096A11CD102CA006A8484 /* TestTableViewController.m */ = {isa = PBXFileReference; fileEncoding = 4; lastKnownFileType = sourcecode.c.objc; path = TestTableViewController.m; sourceTree = "<group>"; };
		EC30ACC81CCD27D7005BD274 /* ZXYTabBarController.h */ = {isa = PBXFileReference; fileEncoding = 4; lastKnownFileType = sourcecode.c.h; path = ZXYTabBarController.h; sourceTree = "<group>"; };
		EC30ACC91CCD27D7005BD274 /* ZXYTabBarController.m */ = {isa = PBXFileReference; fileEncoding = 4; lastKnownFileType = sourcecode.c.objc; path = ZXYTabBarController.m; sourceTree = "<group>"; };
		EC30ACD01CCDB282005BD274 /* GooViewController.h */ = {isa = PBXFileReference; fileEncoding = 4; lastKnownFileType = sourcecode.c.h; path = GooViewController.h; sourceTree = "<group>"; };
		EC30ACD11CCDB282005BD274 /* GooViewController.m */ = {isa = PBXFileReference; fileEncoding = 4; lastKnownFileType = sourcecode.c.objc; path = GooViewController.m; sourceTree = "<group>"; };
		EC3531F71CBBB794006D0F50 /* PageViewController.h */ = {isa = PBXFileReference; fileEncoding = 4; lastKnownFileType = sourcecode.c.h; path = PageViewController.h; sourceTree = "<group>"; };
		EC3531F81CBBB794006D0F50 /* PageViewController.m */ = {isa = PBXFileReference; fileEncoding = 4; lastKnownFileType = sourcecode.c.objc; path = PageViewController.m; sourceTree = "<group>"; };
		EC4CCCED1CC3D25500BD08E4 /* MenuViewController.h */ = {isa = PBXFileReference; fileEncoding = 4; lastKnownFileType = sourcecode.c.h; path = MenuViewController.h; sourceTree = "<group>"; };
		EC4CCCEE1CC3D25500BD08E4 /* MenuViewController.m */ = {isa = PBXFileReference; fileEncoding = 4; lastKnownFileType = sourcecode.c.objc; path = MenuViewController.m; sourceTree = "<group>"; };
		EC9E69D41CE573F800466225 /* NSString+Hash.h */ = {isa = PBXFileReference; fileEncoding = 4; lastKnownFileType = sourcecode.c.h; path = "NSString+Hash.h"; sourceTree = "<group>"; };
		EC9E69D51CE573F800466225 /* NSString+Hash.m */ = {isa = PBXFileReference; fileEncoding = 4; lastKnownFileType = sourcecode.c.objc; path = "NSString+Hash.m"; sourceTree = "<group>"; };
		EC9E69D61CE573F800466225 /* ZXYNetTask.h */ = {isa = PBXFileReference; fileEncoding = 4; lastKnownFileType = sourcecode.c.h; path = ZXYNetTask.h; sourceTree = "<group>"; };
		EC9E69D71CE573F800466225 /* ZXYNetTask.m */ = {isa = PBXFileReference; fileEncoding = 4; lastKnownFileType = sourcecode.c.objc; path = ZXYNetTask.m; sourceTree = "<group>"; };
		EC9E69D81CE573F800466225 /* ZXYNetTool.h */ = {isa = PBXFileReference; fileEncoding = 4; lastKnownFileType = sourcecode.c.h; path = ZXYNetTool.h; sourceTree = "<group>"; };
		EC9E69D91CE573F800466225 /* ZXYNetTool.m */ = {isa = PBXFileReference; fileEncoding = 4; lastKnownFileType = sourcecode.c.objc; path = ZXYNetTool.m; sourceTree = "<group>"; };
		EC9E69DB1CE573F800466225 /* ZXYPageView.h */ = {isa = PBXFileReference; fileEncoding = 4; lastKnownFileType = sourcecode.c.h; path = ZXYPageView.h; sourceTree = "<group>"; };
		EC9E69DC1CE573F800466225 /* ZXYPageView.m */ = {isa = PBXFileReference; fileEncoding = 4; lastKnownFileType = sourcecode.c.objc; path = ZXYPageView.m; sourceTree = "<group>"; };
		EC9E69DE1CE573F800466225 /* Animation.h */ = {isa = PBXFileReference; fileEncoding = 4; lastKnownFileType = sourcecode.c.h; path = Animation.h; sourceTree = "<group>"; };
		EC9E69DF1CE573F800466225 /* CALayer+ZXYAnimation.h */ = {isa = PBXFileReference; fileEncoding = 4; lastKnownFileType = sourcecode.c.h; path = "CALayer+ZXYAnimation.h"; sourceTree = "<group>"; };
		EC9E69E01CE573F800466225 /* CALayer+ZXYAnimation.m */ = {isa = PBXFileReference; fileEncoding = 4; lastKnownFileType = sourcecode.c.objc; path = "CALayer+ZXYAnimation.m"; sourceTree = "<group>"; };
		EC9E69E11CE573F800466225 /* ZXYAnimation.h */ = {isa = PBXFileReference; fileEncoding = 4; lastKnownFileType = sourcecode.c.h; path = ZXYAnimation.h; sourceTree = "<group>"; };
		EC9E69E21CE573F800466225 /* ZXYAnimation.m */ = {isa = PBXFileReference; fileEncoding = 4; lastKnownFileType = sourcecode.c.objc; path = ZXYAnimation.m; sourceTree = "<group>"; };
		EC9E69E31CE573F800466225 /* ZXYAnimationMaker.h */ = {isa = PBXFileReference; fileEncoding = 4; lastKnownFileType = sourcecode.c.h; path = ZXYAnimationMaker.h; sourceTree = "<group>"; };
		EC9E69E41CE573F800466225 /* ZXYAnimationMaker.m */ = {isa = PBXFileReference; fileEncoding = 4; lastKnownFileType = sourcecode.c.objc; path = ZXYAnimationMaker.m; sourceTree = "<group>"; };
		EC9E69E51CE573F800466225 /* ZXYKeyframeAnimation.h */ = {isa = PBXFileReference; fileEncoding = 4; lastKnownFileType = sourcecode.c.h; path = ZXYKeyframeAnimation.h; sourceTree = "<group>"; };
		EC9E69E61CE573F800466225 /* ZXYKeyframeAnimation.m */ = {isa = PBXFileReference; fileEncoding = 4; lastKnownFileType = sourcecode.c.objc; path = ZXYKeyframeAnimation.m; sourceTree = "<group>"; };
		EC9E69E71CE573F800466225 /* ZXYUtilities.h */ = {isa = PBXFileReference; fileEncoding = 4; lastKnownFileType = sourcecode.c.h; path = ZXYUtilities.h; sourceTree = "<group>"; };
		EC9E69E91CE573F800466225 /* ZXYGooView.h */ = {isa = PBXFileReference; fileEncoding = 4; lastKnownFileType = sourcecode.c.h; path = ZXYGooView.h; sourceTree = "<group>"; };
		EC9E69EA1CE573F800466225 /* ZXYGooView.m */ = {isa = PBXFileReference; fileEncoding = 4; lastKnownFileType = sourcecode.c.objc; path = ZXYGooView.m; sourceTree = "<group>"; };
		EC9E69EC1CE573F800466225 /* ZXYGraphModel.h */ = {isa = PBXFileReference; fileEncoding = 4; lastKnownFileType = sourcecode.c.h; path = ZXYGraphModel.h; sourceTree = "<group>"; };
		EC9E69ED1CE573F800466225 /* ZXYGraphModel.m */ = {isa = PBXFileReference; fileEncoding = 4; lastKnownFileType = sourcecode.c.objc; path = ZXYGraphModel.m; sourceTree = "<group>"; };
		EC9E69EE1CE573F800466225 /* ZXYGraphView.h */ = {isa = PBXFileReference; fileEncoding = 4; lastKnownFileType = sourcecode.c.h; path = ZXYGraphView.h; sourceTree = "<group>"; };
		EC9E69EF1CE573F800466225 /* ZXYGraphView.m */ = {isa = PBXFileReference; fileEncoding = 4; lastKnownFileType = sourcecode.c.objc; path = ZXYGraphView.m; sourceTree = "<group>"; };
		EC9E69F11CE573F800466225 /* ZXYMenuView.h */ = {isa = PBXFileReference; fileEncoding = 4; lastKnownFileType = sourcecode.c.h; path = ZXYMenuView.h; sourceTree = "<group>"; };
		EC9E69F21CE573F800466225 /* ZXYMenuView.m */ = {isa = PBXFileReference; fileEncoding = 4; lastKnownFileType = sourcecode.c.objc; path = ZXYMenuView.m; sourceTree = "<group>"; };
		EC9E69F31CE573F800466225 /* ZXYMenuViewController.h */ = {isa = PBXFileReference; fileEncoding = 4; lastKnownFileType = sourcecode.c.h; path = ZXYMenuViewController.h; sourceTree = "<group>"; };
		EC9E69F41CE573F800466225 /* ZXYMenuViewController.m */ = {isa = PBXFileReference; fileEncoding = 4; lastKnownFileType = sourcecode.c.objc; path = ZXYMenuViewController.m; sourceTree = "<group>"; };
		EC9E69F61CE573F800466225 /* ZXYHorizontalNavBar.xib */ = {isa = PBXFileReference; fileEncoding = 4; lastKnownFileType = file.xib; path = ZXYHorizontalNavBar.xib; sourceTree = "<group>"; };
		EC9E69F71CE573F800466225 /* ZXYNavBarItem.h */ = {isa = PBXFileReference; fileEncoding = 4; lastKnownFileType = sourcecode.c.h; path = ZXYNavBarItem.h; sourceTree = "<group>"; };
		EC9E69F81CE573F800466225 /* ZXYNavBarItem.m */ = {isa = PBXFileReference; fileEncoding = 4; lastKnownFileType = sourcecode.c.objc; path = ZXYNavBarItem.m; sourceTree = "<group>"; };
		EC9E69F91CE573F800466225 /* ZXYNavBarView.h */ = {isa = PBXFileReference; fileEncoding = 4; lastKnownFileType = sourcecode.c.h; path = ZXYNavBarView.h; sourceTree = "<group>"; };
		EC9E69FA1CE573F800466225 /* ZXYNavBarView.m */ = {isa = PBXFileReference; fileEncoding = 4; lastKnownFileType = sourcecode.c.objc; path = ZXYNavBarView.m; sourceTree = "<group>"; };
		EC9E69FB1CE573F800466225 /* ZXYVerticalNavBar.xib */ = {isa = PBXFileReference; fileEncoding = 4; lastKnownFileType = file.xib; path = ZXYVerticalNavBar.xib; sourceTree = "<group>"; };
		EC9E69FD1CE573F800466225 /* ZXYClipView.h */ = {isa = PBXFileReference; fileEncoding = 4; lastKnownFileType = sourcecode.c.h; path = ZXYClipView.h; sourceTree = "<group>"; };
		EC9E69FE1CE573F800466225 /* ZXYClipView.m */ = {isa = PBXFileReference; fileEncoding = 4; lastKnownFileType = sourcecode.c.objc; path = ZXYClipView.m; sourceTree = "<group>"; };
		EC9E69FF1CE573F800466225 /* ZXYPickImageViewController.h */ = {isa = PBXFileReference; fileEncoding = 4; lastKnownFileType = sourcecode.c.h; path = ZXYPickImageViewController.h; sourceTree = "<group>"; };
		EC9E6A001CE573F800466225 /* ZXYPickImageViewController.m */ = {isa = PBXFileReference; fileEncoding = 4; lastKnownFileType = sourcecode.c.objc; path = ZXYPickImageViewController.m; sourceTree = "<group>"; };
		EC9E6A021CE573F800466225 /* ZXYGooView.h */ = {isa = PBXFileReference; fileEncoding = 4; lastKnownFileType = sourcecode.c.h; path = ZXYGooView.h; sourceTree = "<group>"; };
		EC9E6A031CE573F800466225 /* ZXYGooView.m */ = {isa = PBXFileReference; fileEncoding = 4; lastKnownFileType = sourcecode.c.objc; path = ZXYGooView.m; sourceTree = "<group>"; };
		EC9E6A041CE573F800466225 /* ZXYTabBar.h */ = {isa = PBXFileReference; fileEncoding = 4; lastKnownFileType = sourcecode.c.h; path = ZXYTabBar.h; sourceTree = "<group>"; };
		EC9E6A051CE573F800466225 /* ZXYTabBar.m */ = {isa = PBXFileReference; fileEncoding = 4; lastKnownFileType = sourcecode.c.objc; path = ZXYTabBar.m; sourceTree = "<group>"; };
		EC9E6A061CE573F800466225 /* ZXYTabBarItem.h */ = {isa = PBXFileReference; fileEncoding = 4; lastKnownFileType = sourcecode.c.h; path = ZXYTabBarItem.h; sourceTree = "<group>"; };
		EC9E6A071CE573F800466225 /* ZXYTabBarItem.m */ = {isa = PBXFileReference; fileEncoding = 4; lastKnownFileType = sourcecode.c.objc; path = ZXYTabBarItem.m; sourceTree = "<group>"; };
		EC9E6A1F1CE5740400466225 /* UIColor+ZXYColor.h */ = {isa = PBXFileReference; fileEncoding = 4; lastKnownFileType = sourcecode.c.h; path = "UIColor+ZXYColor.h"; sourceTree = "<group>"; };
		EC9E6A201CE5740400466225 /* UIColor+ZXYColor.m */ = {isa = PBXFileReference; fileEncoding = 4; lastKnownFileType = sourcecode.c.objc; path = "UIColor+ZXYColor.m"; sourceTree = "<group>"; };
		EC9E6A211CE5740400466225 /* UIImage+ZXYImage.h */ = {isa = PBXFileReference; fileEncoding = 4; lastKnownFileType = sourcecode.c.h; path = "UIImage+ZXYImage.h"; sourceTree = "<group>"; };
		EC9E6A221CE5740400466225 /* UIImage+ZXYImage.m */ = {isa = PBXFileReference; fileEncoding = 4; lastKnownFileType = sourcecode.c.objc; path = "UIImage+ZXYImage.m"; sourceTree = "<group>"; };
		EC9E6A501CE61A9A00466225 /* ZXYStateBarHUD.bundle */ = {isa = PBXFileReference; lastKnownFileType = "wrapper.plug-in"; path = ZXYStateBarHUD.bundle; sourceTree = "<group>"; };
		EC9E6A511CE61A9A00466225 /* ZXYStateBarHUD.h */ = {isa = PBXFileReference; fileEncoding = 4; lastKnownFileType = sourcecode.c.h; path = ZXYStateBarHUD.h; sourceTree = "<group>"; };
		EC9E6A521CE61A9A00466225 /* ZXYStateBarHUD.m */ = {isa = PBXFileReference; fileEncoding = 4; lastKnownFileType = sourcecode.c.objc; path = ZXYStateBarHUD.m; sourceTree = "<group>"; };
		ECECDC741CC9FB8F00FC8F34 /* GraphViewController.h */ = {isa = PBXFileReference; fileEncoding = 4; lastKnownFileType = sourcecode.c.h; path = GraphViewController.h; sourceTree = "<group>"; };
		ECECDC751CC9FB8F00FC8F34 /* GraphViewController.m */ = {isa = PBXFileReference; fileEncoding = 4; lastKnownFileType = sourcecode.c.objc; path = GraphViewController.m; sourceTree = "<group>"; };
		ECECDC781CC9FBC200FC8F34 /* AnimationViewController.h */ = {isa = PBXFileReference; fileEncoding = 4; lastKnownFileType = sourcecode.c.h; path = AnimationViewController.h; sourceTree = "<group>"; };
		ECECDC791CC9FBC200FC8F34 /* AnimationViewController.m */ = {isa = PBXFileReference; fileEncoding = 4; lastKnownFileType = sourcecode.c.objc; path = AnimationViewController.m; sourceTree = "<group>"; };
/* End PBXFileReference section */

/* Begin PBXFrameworksBuildPhase section */
		852B87EC1C4F936E00D9479A /* Frameworks */ = {
			isa = PBXFrameworksBuildPhase;
			buildActionMask = 2147483647;
			files = (
			);
			runOnlyForDeploymentPostprocessing = 0;
		};
/* End PBXFrameworksBuildPhase section */

/* Begin PBXGroup section */
		852B87E61C4F936E00D9479A = {
			isa = PBXGroup;
			children = (
				EC9E69D11CE573F800466225 /* Kit */,
				852B87F11C4F936E00D9479A /* ZXYKit_Demo */,
				852B87F01C4F936E00D9479A /* Products */,
			);
			sourceTree = "<group>";
		};
		852B87F01C4F936E00D9479A /* Products */ = {
			isa = PBXGroup;
			children = (
				852B87EF1C4F936E00D9479A /* ZXYKit_Demo.app */,
			);
			name = Products;
			sourceTree = "<group>";
		};
		852B87F11C4F936E00D9479A /* ZXYKit_Demo */ = {
			isa = PBXGroup;
			children = (
				EC9E6A251CE5741100466225 /* PageViewController */,
				EC10969C1CD1026D006A8484 /* NavBarController */,
				EC30ACCF1CCDB262005BD274 /* GooViewController */,
				EC30ACC71CCD27D7005BD274 /* TabBarViewControllor */,
				ECECDC771CC9FBAA00FC8F34 /* AnimationController */,
				ECECDC731CC9FB8F00FC8F34 /* GraphViewController */,
				EC0AA2B91CC7B18900CACA44 /* PickImgeVIewController */,
				EC4CCCEC1CC3D19B00BD08E4 /* MenuViewController */,
				852B87F21C4F936E00D9479A /* Supporting Files */,
			);
			path = ZXYKit_Demo;
			sourceTree = "<group>";
		};
		852B87F21C4F936E00D9479A /* Supporting Files */ = {
			isa = PBXGroup;
			children = (
				EC9E6A1E1CE5740400466225 /* Category */,
				852B87FB1C4F936E00D9479A /* Main.storyboard */,
				852B87FE1C4F936E00D9479A /* Assets.xcassets */,
				852B88001C4F936E00D9479A /* LaunchScreen.storyboard */,
				852B88031C4F936E00D9479A /* Info.plist */,
				852B87F51C4F936E00D9479A /* AppDelegate.h */,
				852B87F61C4F936E00D9479A /* AppDelegate.m */,
				852B87F31C4F936E00D9479A /* main.m */,
			);
			name = "Supporting Files";
			sourceTree = "<group>";
		};
		EC0AA2B91CC7B18900CACA44 /* PickImgeVIewController */ = {
			isa = PBXGroup;
			children = (
				EC0AA2BA1CC7B1A300CACA44 /* PickImageViewController.h */,
				EC0AA2BB1CC7B1A300CACA44 /* PickImageViewController.m */,
			);
			path = PickImgeVIewController;
			sourceTree = "<group>";
		};
		EC10969C1CD1026D006A8484 /* NavBarController */ = {
			isa = PBXGroup;
			children = (
				EC10969D1CD10285006A8484 /* NavBarViewController.h */,
				EC10969E1CD10285006A8484 /* NavBarViewController.m */,
				EC1096A01CD102CA006A8484 /* TestTableViewController.h */,
				EC1096A11CD102CA006A8484 /* TestTableViewController.m */,
			);
			path = NavBarController;
			sourceTree = "<group>";
		};
		EC30ACC71CCD27D7005BD274 /* TabBarViewControllor */ = {
			isa = PBXGroup;
			children = (
				EC30ACC81CCD27D7005BD274 /* ZXYTabBarController.h */,
				EC30ACC91CCD27D7005BD274 /* ZXYTabBarController.m */,
			);
			path = TabBarViewControllor;
			sourceTree = "<group>";
		};
		EC30ACCF1CCDB262005BD274 /* GooViewController */ = {
			isa = PBXGroup;
			children = (
				EC30ACD01CCDB282005BD274 /* GooViewController.h */,
				EC30ACD11CCDB282005BD274 /* GooViewController.m */,
			);
			path = GooViewController;
			sourceTree = "<group>";
		};
		EC4CCCEC1CC3D19B00BD08E4 /* MenuViewController */ = {
			isa = PBXGroup;
			children = (
				EC4CCCED1CC3D25500BD08E4 /* MenuViewController.h */,
				EC4CCCEE1CC3D25500BD08E4 /* MenuViewController.m */,
			);
			path = MenuViewController;
			sourceTree = "<group>";
		};
		EC9E69D11CE573F800466225 /* Kit */ = {
			isa = PBXGroup;
			children = (
				EC9E6A4F1CE61A9A00466225 /* ZXYStateBarHUD */,
				EC9E69D21CE573F800466225 /* NetTool */,
				EC9E69DA1CE573F800466225 /* PageView */,
				EC9E69DD1CE573F800466225 /* ZXYAnimationKit */,
				EC9E69E81CE573F800466225 /* ZXYGooView */,
				EC9E69EB1CE573F800466225 /* ZXYGraph */,
				EC9E69F01CE573F800466225 /* ZXYMenuView */,
				EC9E69F51CE573F800466225 /* ZXYNavgationBar */,
				EC9E69FC1CE573F800466225 /* ZXYPickImageViewController */,
				EC9E6A011CE573F800466225 /* ZXYTabBar */,
			);
			name = Kit;
			path = ../Kit;
			sourceTree = "<group>";
		};
		EC9E69D21CE573F800466225 /* NetTool */ = {
			isa = PBXGroup;
			children = (
				EC9E69D31CE573F800466225 /* MD5 */,
				EC9E69D61CE573F800466225 /* ZXYNetTask.h */,
				EC9E69D71CE573F800466225 /* ZXYNetTask.m */,
				EC9E69D81CE573F800466225 /* ZXYNetTool.h */,
				EC9E69D91CE573F800466225 /* ZXYNetTool.m */,
			);
			path = NetTool;
			sourceTree = "<group>";
		};
		EC9E69D31CE573F800466225 /* MD5 */ = {
			isa = PBXGroup;
			children = (
				EC9E69D41CE573F800466225 /* NSString+Hash.h */,
				EC9E69D51CE573F800466225 /* NSString+Hash.m */,
			);
			path = MD5;
			sourceTree = "<group>";
		};
		EC9E69DA1CE573F800466225 /* PageView */ = {
			isa = PBXGroup;
			children = (
				EC9E69DB1CE573F800466225 /* ZXYPageView.h */,
				EC9E69DC1CE573F800466225 /* ZXYPageView.m */,
			);
			path = PageView;
			sourceTree = "<group>";
		};
		EC9E69DD1CE573F800466225 /* ZXYAnimationKit */ = {
			isa = PBXGroup;
			children = (
				EC9E69DE1CE573F800466225 /* Animation.h */,
				EC9E69DF1CE573F800466225 /* CALayer+ZXYAnimation.h */,
				EC9E69E01CE573F800466225 /* CALayer+ZXYAnimation.m */,
				EC9E69E11CE573F800466225 /* ZXYAnimation.h */,
				EC9E69E21CE573F800466225 /* ZXYAnimation.m */,
				EC9E69E31CE573F800466225 /* ZXYAnimationMaker.h */,
				EC9E69E41CE573F800466225 /* ZXYAnimationMaker.m */,
				EC9E69E51CE573F800466225 /* ZXYKeyframeAnimation.h */,
				EC9E69E61CE573F800466225 /* ZXYKeyframeAnimation.m */,
				EC9E69E71CE573F800466225 /* ZXYUtilities.h */,
			);
			path = ZXYAnimationKit;
			sourceTree = "<group>";
		};
		EC9E69E81CE573F800466225 /* ZXYGooView */ = {
			isa = PBXGroup;
			children = (
				EC9E69E91CE573F800466225 /* ZXYGooView.h */,
				EC9E69EA1CE573F800466225 /* ZXYGooView.m */,
			);
			path = ZXYGooView;
			sourceTree = "<group>";
		};
		EC9E69EB1CE573F800466225 /* ZXYGraph */ = {
			isa = PBXGroup;
			children = (
				EC9E69EC1CE573F800466225 /* ZXYGraphModel.h */,
				EC9E69ED1CE573F800466225 /* ZXYGraphModel.m */,
				EC9E69EE1CE573F800466225 /* ZXYGraphView.h */,
				EC9E69EF1CE573F800466225 /* ZXYGraphView.m */,
			);
			path = ZXYGraph;
			sourceTree = "<group>";
		};
		EC9E69F01CE573F800466225 /* ZXYMenuView */ = {
			isa = PBXGroup;
			children = (
				EC9E69F11CE573F800466225 /* ZXYMenuView.h */,
				EC9E69F21CE573F800466225 /* ZXYMenuView.m */,
				EC9E69F31CE573F800466225 /* ZXYMenuViewController.h */,
				EC9E69F41CE573F800466225 /* ZXYMenuViewController.m */,
			);
			path = ZXYMenuView;
			sourceTree = "<group>";
		};
		EC9E69F51CE573F800466225 /* ZXYNavgationBar */ = {
			isa = PBXGroup;
			children = (
				EC9E69F61CE573F800466225 /* ZXYHorizontalNavBar.xib */,
				EC9E69F71CE573F800466225 /* ZXYNavBarItem.h */,
				EC9E69F81CE573F800466225 /* ZXYNavBarItem.m */,
				EC9E69F91CE573F800466225 /* ZXYNavBarView.h */,
				EC9E69FA1CE573F800466225 /* ZXYNavBarView.m */,
				EC9E69FB1CE573F800466225 /* ZXYVerticalNavBar.xib */,
			);
			path = ZXYNavgationBar;
			sourceTree = "<group>";
		};
		EC9E69FC1CE573F800466225 /* ZXYPickImageViewController */ = {
			isa = PBXGroup;
			children = (
				EC9E69FD1CE573F800466225 /* ZXYClipView.h */,
				EC9E69FE1CE573F800466225 /* ZXYClipView.m */,
				EC9E69FF1CE573F800466225 /* ZXYPickImageViewController.h */,
				EC9E6A001CE573F800466225 /* ZXYPickImageViewController.m */,
			);
			path = ZXYPickImageViewController;
			sourceTree = "<group>";
		};
		EC9E6A011CE573F800466225 /* ZXYTabBar */ = {
			isa = PBXGroup;
			children = (
				EC9E6A021CE573F800466225 /* ZXYGooView.h */,
				EC9E6A031CE573F800466225 /* ZXYGooView.m */,
				EC9E6A041CE573F800466225 /* ZXYTabBar.h */,
				EC9E6A051CE573F800466225 /* ZXYTabBar.m */,
				EC9E6A061CE573F800466225 /* ZXYTabBarItem.h */,
				EC9E6A071CE573F800466225 /* ZXYTabBarItem.m */,
			);
			path = ZXYTabBar;
			sourceTree = "<group>";
		};
		EC9E6A1E1CE5740400466225 /* Category */ = {
			isa = PBXGroup;
			children = (
				EC9E6A1F1CE5740400466225 /* UIColor+ZXYColor.h */,
				EC9E6A201CE5740400466225 /* UIColor+ZXYColor.m */,
				EC9E6A211CE5740400466225 /* UIImage+ZXYImage.h */,
				EC9E6A221CE5740400466225 /* UIImage+ZXYImage.m */,
			);
			name = Category;
			path = ../../Category;
			sourceTree = "<group>";
		};
		EC9E6A251CE5741100466225 /* PageViewController */ = {
			isa = PBXGroup;
			children = (
				EC3531F71CBBB794006D0F50 /* PageViewController.h */,
				EC3531F81CBBB794006D0F50 /* PageViewController.m */,
			);
			name = PageViewController;
			sourceTree = "<group>";
		};
		EC9E6A4F1CE61A9A00466225 /* ZXYStateBarHUD */ = {
			isa = PBXGroup;
			children = (
				EC9E6A501CE61A9A00466225 /* ZXYStateBarHUD.bundle */,
				EC9E6A511CE61A9A00466225 /* ZXYStateBarHUD.h */,
				EC9E6A521CE61A9A00466225 /* ZXYStateBarHUD.m */,
			);
			path = ZXYStateBarHUD;
			sourceTree = "<group>";
		};
		ECECDC731CC9FB8F00FC8F34 /* GraphViewController */ = {
			isa = PBXGroup;
			children = (
				ECECDC741CC9FB8F00FC8F34 /* GraphViewController.h */,
				ECECDC751CC9FB8F00FC8F34 /* GraphViewController.m */,
			);
			path = GraphViewController;
			sourceTree = "<group>";
		};
		ECECDC771CC9FBAA00FC8F34 /* AnimationController */ = {
			isa = PBXGroup;
			children = (
				ECECDC781CC9FBC200FC8F34 /* AnimationViewController.h */,
				ECECDC791CC9FBC200FC8F34 /* AnimationViewController.m */,
			);
			path = AnimationController;
			sourceTree = "<group>";
		};
/* End PBXGroup section */

/* Begin PBXNativeTarget section */
		852B87EE1C4F936E00D9479A /* ZXYKit_Demo */ = {
			isa = PBXNativeTarget;
			buildConfigurationList = 852B88061C4F936E00D9479A /* Build configuration list for PBXNativeTarget "ZXYKit_Demo" */;
			buildPhases = (
				852B87EB1C4F936E00D9479A /* Sources */,
				852B87EC1C4F936E00D9479A /* Frameworks */,
				852B87ED1C4F936E00D9479A /* Resources */,
			);
			buildRules = (
			);
			dependencies = (
			);
			name = ZXYKit_Demo;
			productName = ZXYKit_Demo;
			productReference = 852B87EF1C4F936E00D9479A /* ZXYKit_Demo.app */;
			productType = "com.apple.product-type.application";
		};
/* End PBXNativeTarget section */

/* Begin PBXProject section */
		852B87E71C4F936E00D9479A /* Project object */ = {
			isa = PBXProject;
			attributes = {
				LastUpgradeCheck = 0710;
				ORGANIZATIONNAME = tarena;
				TargetAttributes = {
					852B87EE1C4F936E00D9479A = {
						CreatedOnToolsVersion = 7.1;
						DevelopmentTeam = P23UWXMRAB;
					};
				};
			};
			buildConfigurationList = 852B87EA1C4F936E00D9479A /* Build configuration list for PBXProject "ZXYKit_Demo" */;
			compatibilityVersion = "Xcode 3.2";
			developmentRegion = English;
			hasScannedForEncodings = 0;
			knownRegions = (
				en,
				Base,
			);
			mainGroup = 852B87E61C4F936E00D9479A;
			productRefGroup = 852B87F01C4F936E00D9479A /* Products */;
			projectDirPath = "";
			projectRoot = "";
			targets = (
				852B87EE1C4F936E00D9479A /* ZXYKit_Demo */,
			);
		};
/* End PBXProject section */

/* Begin PBXResourcesBuildPhase section */
		852B87ED1C4F936E00D9479A /* Resources */ = {
			isa = PBXResourcesBuildPhase;
			buildActionMask = 2147483647;
			files = (
				852B88021C4F936E00D9479A /* LaunchScreen.storyboard in Resources */,
				EC9E6A531CE61A9A00466225 /* ZXYStateBarHUD.bundle in Resources */,
				EC9E6A181CE573F800466225 /* ZXYVerticalNavBar.xib in Resources */,
				852B87FF1C4F936E00D9479A /* Assets.xcassets in Resources */,
				852B87FD1C4F936E00D9479A /* Main.storyboard in Resources */,
				EC9E6A151CE573F800466225 /* ZXYHorizontalNavBar.xib in Resources */,
			);
			runOnlyForDeploymentPostprocessing = 0;
		};
/* End PBXResourcesBuildPhase section */

/* Begin PBXSourcesBuildPhase section */
		852B87EB1C4F936E00D9479A /* Sources */ = {
			isa = PBXSourcesBuildPhase;
			buildActionMask = 2147483647;
			files = (
				EC9E6A171CE573F800466225 /* ZXYNavBarView.m in Sources */,
				EC9E6A1C1CE573F800466225 /* ZXYTabBar.m in Sources */,
				EC9E6A0B1CE573F800466225 /* ZXYPageView.m in Sources */,
				EC9E6A121CE573F800466225 /* ZXYGraphView.m in Sources */,
				EC9E6A1A1CE573F800466225 /* ZXYPickImageViewController.m in Sources */,
				852B87F71C4F936E00D9479A /* AppDelegate.m in Sources */,
				EC9E6A131CE573F800466225 /* ZXYMenuView.m in Sources */,
				EC9E6A0F1CE573F800466225 /* ZXYKeyframeAnimation.m in Sources */,
				EC9E6A161CE573F800466225 /* ZXYNavBarItem.m in Sources */,
				EC9E6A081CE573F800466225 /* NSString+Hash.m in Sources */,
				ECECDC7A1CC9FBC200FC8F34 /* AnimationViewController.m in Sources */,
				852B87F41C4F936E00D9479A /* main.m in Sources */,
				EC9E6A1D1CE573F800466225 /* ZXYTabBarItem.m in Sources */,
				EC9E6A101CE573F800466225 /* ZXYGooView.m in Sources */,
				EC1096A21CD102CA006A8484 /* TestTableViewController.m in Sources */,
				EC0AA2BC1CC7B1A300CACA44 /* PickImageViewController.m in Sources */,
				EC3531F91CBBB794006D0F50 /* PageViewController.m in Sources */,
				EC9E6A541CE61A9A00466225 /* ZXYStateBarHUD.m in Sources */,
				EC9E6A0C1CE573F800466225 /* CALayer+ZXYAnimation.m in Sources */,
				EC9E6A111CE573F800466225 /* ZXYGraphModel.m in Sources */,
				EC9E6A0A1CE573F800466225 /* ZXYNetTool.m in Sources */,
				ECECDC761CC9FB8F00FC8F34 /* GraphViewController.m in Sources */,
				EC9E6A1B1CE573F800466225 /* ZXYGooView.m in Sources */,
				EC9E6A0E1CE573F800466225 /* ZXYAnimationMaker.m in Sources */,
				EC9E6A141CE573F800466225 /* ZXYMenuViewController.m in Sources */,
				EC9E6A091CE573F800466225 /* ZXYNetTask.m in Sources */,
				EC9E6A0D1CE573F800466225 /* ZXYAnimation.m in Sources */,
				EC9E6A241CE5740400466225 /* UIImage+ZXYImage.m in Sources */,
				EC30ACD21CCDB282005BD274 /* GooViewController.m in Sources */,
				EC4CCCEF1CC3D25500BD08E4 /* MenuViewController.m in Sources */,
				EC9E6A191CE573F800466225 /* ZXYClipView.m in Sources */,
				EC10969F1CD10285006A8484 /* NavBarViewController.m in Sources */,
				EC30ACCA1CCD27D7005BD274 /* ZXYTabBarController.m in Sources */,
				EC9E6A231CE5740400466225 /* UIColor+ZXYColor.m in Sources */,
			);
			runOnlyForDeploymentPostprocessing = 0;
		};
/* End PBXSourcesBuildPhase section */

/* Begin PBXVariantGroup section */
		852B87FB1C4F936E00D9479A /* Main.storyboard */ = {
			isa = PBXVariantGroup;
			children = (
				852B87FC1C4F936E00D9479A /* Base */,
			);
			name = Main.storyboard;
			sourceTree = "<group>";
		};
		852B88001C4F936E00D9479A /* LaunchScreen.storyboard */ = {
			isa = PBXVariantGroup;
			children = (
				852B88011C4F936E00D9479A /* Base */,
			);
			name = LaunchScreen.storyboard;
			sourceTree = "<group>";
		};
/* End PBXVariantGroup section */

/* Begin XCBuildConfiguration section */
		852B88041C4F936E00D9479A /* Debug */ = {
			isa = XCBuildConfiguration;
			buildSettings = {
				ALWAYS_SEARCH_USER_PATHS = NO;
				CLANG_CXX_LANGUAGE_STANDARD = "gnu++0x";
				CLANG_CXX_LIBRARY = "libc++";
				CLANG_ENABLE_MODULES = YES;
				CLANG_ENABLE_OBJC_ARC = YES;
				CLANG_WARN_BOOL_CONVERSION = YES;
				CLANG_WARN_CONSTANT_CONVERSION = YES;
				CLANG_WARN_DIRECT_OBJC_ISA_USAGE = YES_ERROR;
				CLANG_WARN_EMPTY_BODY = YES;
				CLANG_WARN_ENUM_CONVERSION = YES;
				CLANG_WARN_INT_CONVERSION = YES;
				CLANG_WARN_OBJC_ROOT_CLASS = YES_ERROR;
				CLANG_WARN_UNREACHABLE_CODE = YES;
				CLANG_WARN__DUPLICATE_METHOD_MATCH = YES;
				"CODE_SIGN_IDENTITY[sdk=iphoneos*]" = "iPhone Developer";
				COPY_PHASE_STRIP = NO;
				DEBUG_INFORMATION_FORMAT = dwarf;
				ENABLE_STRICT_OBJC_MSGSEND = YES;
				ENABLE_TESTABILITY = YES;
				GCC_C_LANGUAGE_STANDARD = gnu99;
				GCC_DYNAMIC_NO_PIC = NO;
				GCC_NO_COMMON_BLOCKS = YES;
				GCC_OPTIMIZATION_LEVEL = 0;
				GCC_PREPROCESSOR_DEFINITIONS = (
					"DEBUG=1",
					"$(inherited)",
				);
				GCC_WARN_64_TO_32_BIT_CONVERSION = YES;
				GCC_WARN_ABOUT_RETURN_TYPE = YES_ERROR;
				GCC_WARN_UNDECLARED_SELECTOR = YES;
				GCC_WARN_UNINITIALIZED_AUTOS = YES_AGGRESSIVE;
				GCC_WARN_UNUSED_FUNCTION = YES;
				GCC_WARN_UNUSED_VARIABLE = YES;
				IPHONEOS_DEPLOYMENT_TARGET = 9.1;
				MTL_ENABLE_DEBUG_INFO = YES;
				ONLY_ACTIVE_ARCH = YES;
				SDKROOT = iphoneos;
			};
			name = Debug;
		};
		852B88051C4F936E00D9479A /* Release */ = {
			isa = XCBuildConfiguration;
			buildSettings = {
				ALWAYS_SEARCH_USER_PATHS = NO;
				CLANG_CXX_LANGUAGE_STANDARD = "gnu++0x";
				CLANG_CXX_LIBRARY = "libc++";
				CLANG_ENABLE_MODULES = YES;
				CLANG_ENABLE_OBJC_ARC = YES;
				CLANG_WARN_BOOL_CONVERSION = YES;
				CLANG_WARN_CONSTANT_CONVERSION = YES;
				CLANG_WARN_DIRECT_OBJC_ISA_USAGE = YES_ERROR;
				CLANG_WARN_EMPTY_BODY = YES;
				CLANG_WARN_ENUM_CONVERSION = YES;
				CLANG_WARN_INT_CONVERSION = YES;
				CLANG_WARN_OBJC_ROOT_CLASS = YES_ERROR;
				CLANG_WARN_UNREACHABLE_CODE = YES;
				CLANG_WARN__DUPLICATE_METHOD_MATCH = YES;
				"CODE_SIGN_IDENTITY[sdk=iphoneos*]" = "iPhone Developer";
				COPY_PHASE_STRIP = NO;
				DEBUG_INFORMATION_FORMAT = "dwarf-with-dsym";
				ENABLE_NS_ASSERTIONS = NO;
				ENABLE_STRICT_OBJC_MSGSEND = YES;
				GCC_C_LANGUAGE_STANDARD = gnu99;
				GCC_NO_COMMON_BLOCKS = YES;
				GCC_WARN_64_TO_32_BIT_CONVERSION = YES;
				GCC_WARN_ABOUT_RETURN_TYPE = YES_ERROR;
				GCC_WARN_UNDECLARED_SELECTOR = YES;
				GCC_WARN_UNINITIALIZED_AUTOS = YES_AGGRESSIVE;
				GCC_WARN_UNUSED_FUNCTION = YES;
				GCC_WARN_UNUSED_VARIABLE = YES;
				IPHONEOS_DEPLOYMENT_TARGET = 9.1;
				MTL_ENABLE_DEBUG_INFO = NO;
				SDKROOT = iphoneos;
				VALIDATE_PRODUCT = YES;
			};
			name = Release;
		};
		852B88071C4F936E00D9479A /* Debug */ = {
			isa = XCBuildConfiguration;
			buildSettings = {
				ASSETCATALOG_COMPILER_APPICON_NAME = AppIcon;
				INFOPLIST_FILE = ZXYKit_Demo/Info.plist;
				LD_RUNPATH_SEARCH_PATHS = "$(inherited) @executable_path/Frameworks";
				PRODUCT_BUNDLE_IDENTIFIER = "com.ZXYKit-Demo";
				PRODUCT_NAME = "$(TARGET_NAME)";
			};
			name = Debug;
		};
		852B88081C4F936E00D9479A /* Release */ = {
			isa = XCBuildConfiguration;
			buildSettings = {
				ASSETCATALOG_COMPILER_APPICON_NAME = AppIcon;
				INFOPLIST_FILE = ZXYKit_Demo/Info.plist;
				LD_RUNPATH_SEARCH_PATHS = "$(inherited) @executable_path/Frameworks";
				PRODUCT_BUNDLE_IDENTIFIER = "com.ZXYKit-Demo";
				PRODUCT_NAME = "$(TARGET_NAME)";
			};
			name = Release;
		};
/* End XCBuildConfiguration section */

/* Begin XCConfigurationList section */
		852B87EA1C4F936E00D9479A /* Build configuration list for PBXProject "ZXYKit_Demo" */ = {
			isa = XCConfigurationList;
			buildConfigurations = (
				852B88041C4F936E00D9479A /* Debug */,
				852B88051C4F936E00D9479A /* Release */,
			);
			defaultConfigurationIsVisible = 0;
			defaultConfigurationName = Release;
		};
		852B88061C4F936E00D9479A /* Build configuration list for PBXNativeTarget "ZXYKit_Demo" */ = {
			isa = XCConfigurationList;
			buildConfigurations = (
				852B88071C4F936E00D9479A /* Debug */,
				852B88081C4F936E00D9479A /* Release */,
			);
			defaultConfigurationIsVisible = 0;
			defaultConfigurationName = Release;
		};
/* End XCConfigurationList section */
	};
	rootObject = 852B87E71C4F936E00D9479A /* Project object */;
}
