// !$*UTF8*$!
{
	archiveVersion = 1;
	classes = {
	};
	objectVersion = 46;
	objects = {

/* Begin PBXBuildFile section */
		852B87F41C4F936E00D9479A /* main.m in Sources */ = {isa = PBXBuildFile; fileRef = 852B87F31C4F936E00D9479A /* main.m */; };
		852B87F71C4F936E00D9479A /* AppDelegate.m in Sources */ = {isa = PBXBuildFile; fileRef = 852B87F61C4F936E00D9479A /* AppDelegate.m */; };
		852B87FD1C4F936E00D9479A /* Main.storyboard in Resources */ = {isa = PBXBuildFile; fileRef = 852B87FB1C4F936E00D9479A /* Main.storyboard */; };
		852B87FF1C4F936E00D9479A /* Assets.xcassets in Resources */ = {isa = PBXBuildFile; fileRef = 852B87FE1C4F936E00D9479A /* Assets.xcassets */; };
		852B88021C4F936E00D9479A /* LaunchScreen.storyboard in Resources */ = {isa = PBXBuildFile; fileRef = 852B88001C4F936E00D9479A /* LaunchScreen.storyboard */; };
		EC3531F61CBBB47E006D0F50 /* ZXYPageView.m in Sources */ = {isa = PBXBuildFile; fileRef = EC3531F51CBBB47E006D0F50 /* ZXYPageView.m */; };
		EC3531F91CBBB794006D0F50 /* PageViewController.m in Sources */ = {isa = PBXBuildFile; fileRef = EC3531F81CBBB794006D0F50 /* PageViewController.m */; };
		EC435CAE1CC5221B005254FA /* ZXYGraphModel.m in Sources */ = {isa = PBXBuildFile; fileRef = EC435CAB1CC5221B005254FA /* ZXYGraphModel.m */; };
		EC435CAF1CC5221B005254FA /* ZXYGraphView.m in Sources */ = {isa = PBXBuildFile; fileRef = EC435CAD1CC5221B005254FA /* ZXYGraphView.m */; };
		EC435CB41CC52488005254FA /* GraphViewController.m in Sources */ = {isa = PBXBuildFile; fileRef = EC435CB31CC52488005254FA /* GraphViewController.m */; };
		EC435CB81CC526CC005254FA /* UIColor+ZXYColor.m in Sources */ = {isa = PBXBuildFile; fileRef = EC435CB71CC526CC005254FA /* UIColor+ZXYColor.m */; };
		EC4CCCEA1CC3D0D500BD08E4 /* ZXYMenuView.m in Sources */ = {isa = PBXBuildFile; fileRef = EC4CCCE71CC3D0D500BD08E4 /* ZXYMenuView.m */; };
		EC4CCCEB1CC3D0D500BD08E4 /* ZXYMenuViewController.m in Sources */ = {isa = PBXBuildFile; fileRef = EC4CCCE91CC3D0D500BD08E4 /* ZXYMenuViewController.m */; };
		EC4CCCEF1CC3D25500BD08E4 /* MenuViewController.m in Sources */ = {isa = PBXBuildFile; fileRef = EC4CCCEE1CC3D25500BD08E4 /* MenuViewController.m */; };
/* End PBXBuildFile section */

/* Begin PBXFileReference section */
		852B87EF1C4F936E00D9479A /* ZXYKit_Demo.app */ = {isa = PBXFileReference; explicitFileType = wrapper.application; includeInIndex = 0; path = ZXYKit_Demo.app; sourceTree = BUILT_PRODUCTS_DIR; };
		852B87F31C4F936E00D9479A /* main.m */ = {isa = PBXFileReference; lastKnownFileType = sourcecode.c.objc; path = main.m; sourceTree = "<group>"; };
		852B87F51C4F936E00D9479A /* AppDelegate.h */ = {isa = PBXFileReference; lastKnownFileType = sourcecode.c.h; path = AppDelegate.h; sourceTree = "<group>"; };
		852B87F61C4F936E00D9479A /* AppDelegate.m */ = {isa = PBXFileReference; lastKnownFileType = sourcecode.c.objc; path = AppDelegate.m; sourceTree = "<group>"; };
		852B87FC1C4F936E00D9479A /* Base */ = {isa = PBXFileReference; lastKnownFileType = file.storyboard; name = Base; path = Base.lproj/Main.storyboard; sourceTree = "<group>"; };
		852B87FE1C4F936E00D9479A /* Assets.xcassets */ = {isa = PBXFileReference; lastKnownFileType = folder.assetcatalog; path = Assets.xcassets; sourceTree = "<group>"; };
		852B88011C4F936E00D9479A /* Base */ = {isa = PBXFileReference; lastKnownFileType = file.storyboard; name = Base; path = Base.lproj/LaunchScreen.storyboard; sourceTree = "<group>"; };
		852B88031C4F936E00D9479A /* Info.plist */ = {isa = PBXFileReference; lastKnownFileType = text.plist.xml; path = Info.plist; sourceTree = "<group>"; };
		EC3531F41CBBB47E006D0F50 /* ZXYPageView.h */ = {isa = PBXFileReference; fileEncoding = 4; lastKnownFileType = sourcecode.c.h; path = ZXYPageView.h; sourceTree = "<group>"; };
		EC3531F51CBBB47E006D0F50 /* ZXYPageView.m */ = {isa = PBXFileReference; fileEncoding = 4; lastKnownFileType = sourcecode.c.objc; path = ZXYPageView.m; sourceTree = "<group>"; };
		EC3531F71CBBB794006D0F50 /* PageViewController.h */ = {isa = PBXFileReference; fileEncoding = 4; lastKnownFileType = sourcecode.c.h; path = PageViewController.h; sourceTree = "<group>"; };
		EC3531F81CBBB794006D0F50 /* PageViewController.m */ = {isa = PBXFileReference; fileEncoding = 4; lastKnownFileType = sourcecode.c.objc; path = PageViewController.m; sourceTree = "<group>"; };
		EC435CAA1CC5221B005254FA /* ZXYGraphModel.h */ = {isa = PBXFileReference; fileEncoding = 4; lastKnownFileType = sourcecode.c.h; path = ZXYGraphModel.h; sourceTree = "<group>"; };
		EC435CAB1CC5221B005254FA /* ZXYGraphModel.m */ = {isa = PBXFileReference; fileEncoding = 4; lastKnownFileType = sourcecode.c.objc; path = ZXYGraphModel.m; sourceTree = "<group>"; };
		EC435CAC1CC5221B005254FA /* ZXYGraphView.h */ = {isa = PBXFileReference; fileEncoding = 4; lastKnownFileType = sourcecode.c.h; path = ZXYGraphView.h; sourceTree = "<group>"; };
		EC435CAD1CC5221B005254FA /* ZXYGraphView.m */ = {isa = PBXFileReference; fileEncoding = 4; lastKnownFileType = sourcecode.c.objc; path = ZXYGraphView.m; sourceTree = "<group>"; };
		EC435CB21CC52488005254FA /* GraphViewController.h */ = {isa = PBXFileReference; fileEncoding = 4; lastKnownFileType = sourcecode.c.h; path = GraphViewController.h; sourceTree = "<group>"; };
		EC435CB31CC52488005254FA /* GraphViewController.m */ = {isa = PBXFileReference; fileEncoding = 4; lastKnownFileType = sourcecode.c.objc; path = GraphViewController.m; sourceTree = "<group>"; };
		EC435CB61CC526CC005254FA /* UIColor+ZXYColor.h */ = {isa = PBXFileReference; fileEncoding = 4; lastKnownFileType = sourcecode.c.h; path = "UIColor+ZXYColor.h"; sourceTree = "<group>"; };
		EC435CB71CC526CC005254FA /* UIColor+ZXYColor.m */ = {isa = PBXFileReference; fileEncoding = 4; lastKnownFileType = sourcecode.c.objc; path = "UIColor+ZXYColor.m"; sourceTree = "<group>"; };
		EC4CCCE61CC3D0D500BD08E4 /* ZXYMenuView.h */ = {isa = PBXFileReference; fileEncoding = 4; lastKnownFileType = sourcecode.c.h; path = ZXYMenuView.h; sourceTree = "<group>"; };
		EC4CCCE71CC3D0D500BD08E4 /* ZXYMenuView.m */ = {isa = PBXFileReference; fileEncoding = 4; lastKnownFileType = sourcecode.c.objc; path = ZXYMenuView.m; sourceTree = "<group>"; };
		EC4CCCE81CC3D0D500BD08E4 /* ZXYMenuViewController.h */ = {isa = PBXFileReference; fileEncoding = 4; lastKnownFileType = sourcecode.c.h; path = ZXYMenuViewController.h; sourceTree = "<group>"; };
		EC4CCCE91CC3D0D500BD08E4 /* ZXYMenuViewController.m */ = {isa = PBXFileReference; fileEncoding = 4; lastKnownFileType = sourcecode.c.objc; path = ZXYMenuViewController.m; sourceTree = "<group>"; };
		EC4CCCED1CC3D25500BD08E4 /* MenuViewController.h */ = {isa = PBXFileReference; fileEncoding = 4; lastKnownFileType = sourcecode.c.h; path = MenuViewController.h; sourceTree = "<group>"; };
		EC4CCCEE1CC3D25500BD08E4 /* MenuViewController.m */ = {isa = PBXFileReference; fileEncoding = 4; lastKnownFileType = sourcecode.c.objc; path = MenuViewController.m; sourceTree = "<group>"; };
/* End PBXFileReference section */

/* Begin PBXFrameworksBuildPhase section */
		852B87EC1C4F936E00D9479A /* Frameworks */ = {
			isa = PBXFrameworksBuildPhase;
			buildActionMask = 2147483647;
			files = (
			);
			runOnlyForDeploymentPostprocessing = 0;
		};
/* End PBXFrameworksBuildPhase section */

/* Begin PBXGroup section */
		852B87E61C4F936E00D9479A = {
			isa = PBXGroup;
			children = (
				EC3531F21CBBB47E006D0F50 /* Kit */,
				852B87F11C4F936E00D9479A /* ZXYKit_Demo */,
				852B87F01C4F936E00D9479A /* Products */,
			);
			sourceTree = "<group>";
		};
		852B87F01C4F936E00D9479A /* Products */ = {
			isa = PBXGroup;
			children = (
				852B87EF1C4F936E00D9479A /* ZXYKit_Demo.app */,
			);
			name = Products;
			sourceTree = "<group>";
		};
		852B87F11C4F936E00D9479A /* ZXYKit_Demo */ = {
			isa = PBXGroup;
			children = (
				852B87F51C4F936E00D9479A /* AppDelegate.h */,
				852B87F61C4F936E00D9479A /* AppDelegate.m */,
				EC3531F71CBBB794006D0F50 /* PageViewController.h */,
				EC3531F81CBBB794006D0F50 /* PageViewController.m */,
				EC435CB11CC52433005254FA /* GraphViewController */,
				EC4CCCEC1CC3D19B00BD08E4 /* MenuViewController */,
				852B87FB1C4F936E00D9479A /* Main.storyboard */,
				852B87FE1C4F936E00D9479A /* Assets.xcassets */,
				852B88001C4F936E00D9479A /* LaunchScreen.storyboard */,
				852B88031C4F936E00D9479A /* Info.plist */,
				EC435CB51CC526CC005254FA /* Category */,
				852B87F21C4F936E00D9479A /* Supporting Files */,
			);
			path = ZXYKit_Demo;
			sourceTree = "<group>";
		};
		852B87F21C4F936E00D9479A /* Supporting Files */ = {
			isa = PBXGroup;
			children = (
				852B87F31C4F936E00D9479A /* main.m */,
			);
			name = "Supporting Files";
			sourceTree = "<group>";
		};
		EC3531F21CBBB47E006D0F50 /* Kit */ = {
			isa = PBXGroup;
			children = (
				EC435CA91CC5221B005254FA /* ZXYGraph */,
				EC4CCCE51CC3D0D500BD08E4 /* ZXYMenuView */,
				EC3531F31CBBB47E006D0F50 /* PageView */,
			);
			name = Kit;
			path = ZXYKit_Demo/Kit;
			sourceTree = "<group>";
		};
		EC3531F31CBBB47E006D0F50 /* PageView */ = {
			isa = PBXGroup;
			children = (
				EC3531F41CBBB47E006D0F50 /* ZXYPageView.h */,
				EC3531F51CBBB47E006D0F50 /* ZXYPageView.m */,
			);
			path = PageView;
			sourceTree = "<group>";
		};
		EC435CA91CC5221B005254FA /* ZXYGraph */ = {
			isa = PBXGroup;
			children = (
				EC435CAA1CC5221B005254FA /* ZXYGraphModel.h */,
				EC435CAB1CC5221B005254FA /* ZXYGraphModel.m */,
				EC435CAC1CC5221B005254FA /* ZXYGraphView.h */,
				EC435CAD1CC5221B005254FA /* ZXYGraphView.m */,
			);
			name = ZXYGraph;
			path = ZXYMenuView/ZXYGraph;
			sourceTree = "<group>";
		};
		EC435CB11CC52433005254FA /* GraphViewController */ = {
			isa = PBXGroup;
			children = (
				EC435CB21CC52488005254FA /* GraphViewController.h */,
				EC435CB31CC52488005254FA /* GraphViewController.m */,
			);
			name = GraphViewController;
			path = MenuViewController/GraphViewController;
			sourceTree = "<group>";
		};
		EC435CB51CC526CC005254FA /* Category */ = {
			isa = PBXGroup;
			children = (
				EC435CB61CC526CC005254FA /* UIColor+ZXYColor.h */,
				EC435CB71CC526CC005254FA /* UIColor+ZXYColor.m */,
			);
			path = Category;
			sourceTree = "<group>";
		};
		EC4CCCE51CC3D0D500BD08E4 /* ZXYMenuView */ = {
			isa = PBXGroup;
			children = (
				EC4CCCE61CC3D0D500BD08E4 /* ZXYMenuView.h */,
				EC4CCCE71CC3D0D500BD08E4 /* ZXYMenuView.m */,
				EC4CCCE81CC3D0D500BD08E4 /* ZXYMenuViewController.h */,
				EC4CCCE91CC3D0D500BD08E4 /* ZXYMenuViewController.m */,
			);
			path = ZXYMenuView;
			sourceTree = "<group>";
		};
		EC4CCCEC1CC3D19B00BD08E4 /* MenuViewController */ = {
			isa = PBXGroup;
			children = (
				EC4CCCED1CC3D25500BD08E4 /* MenuViewController.h */,
				EC4CCCEE1CC3D25500BD08E4 /* MenuViewController.m */,
			);
			path = MenuViewController;
			sourceTree = "<group>";
		};
/* End PBXGroup section */

/* Begin PBXNativeTarget section */
		852B87EE1C4F936E00D9479A /* ZXYKit_Demo */ = {
			isa = PBXNativeTarget;
			buildConfigurationList = 852B88061C4F936E00D9479A /* Build configuration list for PBXNativeTarget "ZXYKit_Demo" */;
			buildPhases = (
				852B87EB1C4F936E00D9479A /* Sources */,
				852B87EC1C4F936E00D9479A /* Frameworks */,
				852B87ED1C4F936E00D9479A /* Resources */,
			);
			buildRules = (
			);
			dependencies = (
			);
			name = ZXYKit_Demo;
			productName = ZXYKit_Demo;
			productReference = 852B87EF1C4F936E00D9479A /* ZXYKit_Demo.app */;
			productType = "com.apple.product-type.application";
		};
/* End PBXNativeTarget section */

/* Begin PBXProject section */
		852B87E71C4F936E00D9479A /* Project object */ = {
			isa = PBXProject;
			attributes = {
				LastUpgradeCheck = 0710;
				ORGANIZATIONNAME = tarena;
				TargetAttributes = {
					852B87EE1C4F936E00D9479A = {
						CreatedOnToolsVersion = 7.1;
						DevelopmentTeam = P23UWXMRAB;
					};
				};
			};
			buildConfigurationList = 852B87EA1C4F936E00D9479A /* Build configuration list for PBXProject "ZXYKit_Demo" */;
			compatibilityVersion = "Xcode 3.2";
			developmentRegion = English;
			hasScannedForEncodings = 0;
			knownRegions = (
				en,
				Base,
			);
			mainGroup = 852B87E61C4F936E00D9479A;
			productRefGroup = 852B87F01C4F936E00D9479A /* Products */;
			projectDirPath = "";
			projectRoot = "";
			targets = (
				852B87EE1C4F936E00D9479A /* ZXYKit_Demo */,
			);
		};
/* End PBXProject section */

/* Begin PBXResourcesBuildPhase section */
		852B87ED1C4F936E00D9479A /* Resources */ = {
			isa = PBXResourcesBuildPhase;
			buildActionMask = 2147483647;
			files = (
				852B88021C4F936E00D9479A /* LaunchScreen.storyboard in Resources */,
				852B87FF1C4F936E00D9479A /* Assets.xcassets in Resources */,
				852B87FD1C4F936E00D9479A /* Main.storyboard in Resources */,
			);
			runOnlyForDeploymentPostprocessing = 0;
		};
/* End PBXResourcesBuildPhase section */

/* Begin PBXSourcesBuildPhase section */
		852B87EB1C4F936E00D9479A /* Sources */ = {
			isa = PBXSourcesBuildPhase;
			buildActionMask = 2147483647;
			files = (
				EC435CAF1CC5221B005254FA /* ZXYGraphView.m in Sources */,
				EC435CAE1CC5221B005254FA /* ZXYGraphModel.m in Sources */,
				852B87F71C4F936E00D9479A /* AppDelegate.m in Sources */,
				EC435CB41CC52488005254FA /* GraphViewController.m in Sources */,
				852B87F41C4F936E00D9479A /* main.m in Sources */,
				EC3531F61CBBB47E006D0F50 /* ZXYPageView.m in Sources */,
				EC435CB81CC526CC005254FA /* UIColor+ZXYColor.m in Sources */,
				EC3531F91CBBB794006D0F50 /* PageViewController.m in Sources */,
				EC4CCCEF1CC3D25500BD08E4 /* MenuViewController.m in Sources */,
				EC4CCCEA1CC3D0D500BD08E4 /* ZXYMenuView.m in Sources */,
				EC4CCCEB1CC3D0D500BD08E4 /* ZXYMenuViewController.m in Sources */,
			);
			runOnlyForDeploymentPostprocessing = 0;
		};
/* End PBXSourcesBuildPhase section */

/* Begin PBXVariantGroup section */
		852B87FB1C4F936E00D9479A /* Main.storyboard */ = {
			isa = PBXVariantGroup;
			children = (
				852B87FC1C4F936E00D9479A /* Base */,
			);
			name = Main.storyboard;
			sourceTree = "<group>";
		};
		852B88001C4F936E00D9479A /* LaunchScreen.storyboard */ = {
			isa = PBXVariantGroup;
			children = (
				852B88011C4F936E00D9479A /* Base */,
			);
			name = LaunchScreen.storyboard;
			sourceTree = "<group>";
		};
/* End PBXVariantGroup section */

/* Begin XCBuildConfiguration section */
		852B88041C4F936E00D9479A /* Debug */ = {
			isa = XCBuildConfiguration;
			buildSettings = {
				ALWAYS_SEARCH_USER_PATHS = NO;
				CLANG_CXX_LANGUAGE_STANDARD = "gnu++0x";
				CLANG_CXX_LIBRARY = "libc++";
				CLANG_ENABLE_MODULES = YES;
				CLANG_ENABLE_OBJC_ARC = YES;
				CLANG_WARN_BOOL_CONVERSION = YES;
				CLANG_WARN_CONSTANT_CONVERSION = YES;
				CLANG_WARN_DIRECT_OBJC_ISA_USAGE = YES_ERROR;
				CLANG_WARN_EMPTY_BODY = YES;
				CLANG_WARN_ENUM_CONVERSION = YES;
				CLANG_WARN_INT_CONVERSION = YES;
				CLANG_WARN_OBJC_ROOT_CLASS = YES_ERROR;
				CLANG_WARN_UNREACHABLE_CODE = YES;
				CLANG_WARN__DUPLICATE_METHOD_MATCH = YES;
				"CODE_SIGN_IDENTITY[sdk=iphoneos*]" = "iPhone Developer";
				COPY_PHASE_STRIP = NO;
				DEBUG_INFORMATION_FORMAT = dwarf;
				ENABLE_STRICT_OBJC_MSGSEND = YES;
				ENABLE_TESTABILITY = YES;
				GCC_C_LANGUAGE_STANDARD = gnu99;
				GCC_DYNAMIC_NO_PIC = NO;
				GCC_NO_COMMON_BLOCKS = YES;
				GCC_OPTIMIZATION_LEVEL = 0;
				GCC_PREPROCESSOR_DEFINITIONS = (
					"DEBUG=1",
					"$(inherited)",
				);
				GCC_WARN_64_TO_32_BIT_CONVERSION = YES;
				GCC_WARN_ABOUT_RETURN_TYPE = YES_ERROR;
				GCC_WARN_UNDECLARED_SELECTOR = YES;
				GCC_WARN_UNINITIALIZED_AUTOS = YES_AGGRESSIVE;
				GCC_WARN_UNUSED_FUNCTION = YES;
				GCC_WARN_UNUSED_VARIABLE = YES;
				IPHONEOS_DEPLOYMENT_TARGET = 9.1;
				MTL_ENABLE_DEBUG_INFO = YES;
				ONLY_ACTIVE_ARCH = YES;
				SDKROOT = iphoneos;
			};
			name = Debug;
		};
		852B88051C4F936E00D9479A /* Release */ = {
			isa = XCBuildConfiguration;
			buildSettings = {
				ALWAYS_SEARCH_USER_PATHS = NO;
				CLANG_CXX_LANGUAGE_STANDARD = "gnu++0x";
				CLANG_CXX_LIBRARY = "libc++";
				CLANG_ENABLE_MODULES = YES;
				CLANG_ENABLE_OBJC_ARC = YES;
				CLANG_WARN_BOOL_CONVERSION = YES;
				CLANG_WARN_CONSTANT_CONVERSION = YES;
				CLANG_WARN_DIRECT_OBJC_ISA_USAGE = YES_ERROR;
				CLANG_WARN_EMPTY_BODY = YES;
				CLANG_WARN_ENUM_CONVERSION = YES;
				CLANG_WARN_INT_CONVERSION = YES;
				CLANG_WARN_OBJC_ROOT_CLASS = YES_ERROR;
				CLANG_WARN_UNREACHABLE_CODE = YES;
				CLANG_WARN__DUPLICATE_METHOD_MATCH = YES;
				"CODE_SIGN_IDENTITY[sdk=iphoneos*]" = "iPhone Developer";
				COPY_PHASE_STRIP = NO;
				DEBUG_INFORMATION_FORMAT = "dwarf-with-dsym";
				ENABLE_NS_ASSERTIONS = NO;
				ENABLE_STRICT_OBJC_MSGSEND = YES;
				GCC_C_LANGUAGE_STANDARD = gnu99;
				GCC_NO_COMMON_BLOCKS = YES;
				GCC_WARN_64_TO_32_BIT_CONVERSION = YES;
				GCC_WARN_ABOUT_RETURN_TYPE = YES_ERROR;
				GCC_WARN_UNDECLARED_SELECTOR = YES;
				GCC_WARN_UNINITIALIZED_AUTOS = YES_AGGRESSIVE;
				GCC_WARN_UNUSED_FUNCTION = YES;
				GCC_WARN_UNUSED_VARIABLE = YES;
				IPHONEOS_DEPLOYMENT_TARGET = 9.1;
				MTL_ENABLE_DEBUG_INFO = NO;
				SDKROOT = iphoneos;
				VALIDATE_PRODUCT = YES;
			};
			name = Release;
		};
		852B88071C4F936E00D9479A /* Debug */ = {
			isa = XCBuildConfiguration;
			buildSettings = {
				ASSETCATALOG_COMPILER_APPICON_NAME = AppIcon;
				INFOPLIST_FILE = ZXYKit_Demo/Info.plist;
				LD_RUNPATH_SEARCH_PATHS = "$(inherited) @executable_path/Frameworks";
				PRODUCT_BUNDLE_IDENTIFIER = "com.ZXYKit-Demo";
				PRODUCT_NAME = "$(TARGET_NAME)";
			};
			name = Debug;
		};
		852B88081C4F936E00D9479A /* Release */ = {
			isa = XCBuildConfiguration;
			buildSettings = {
				ASSETCATALOG_COMPILER_APPICON_NAME = AppIcon;
				INFOPLIST_FILE = ZXYKit_Demo/Info.plist;
				LD_RUNPATH_SEARCH_PATHS = "$(inherited) @executable_path/Frameworks";
				PRODUCT_BUNDLE_IDENTIFIER = "com.ZXYKit-Demo";
				PRODUCT_NAME = "$(TARGET_NAME)";
			};
			name = Release;
		};
/* End XCBuildConfiguration section */

/* Begin XCConfigurationList section */
		852B87EA1C4F936E00D9479A /* Build configuration list for PBXProject "ZXYKit_Demo" */ = {
			isa = XCConfigurationList;
			buildConfigurations = (
				852B88041C4F936E00D9479A /* Debug */,
				852B88051C4F936E00D9479A /* Release */,
			);
			defaultConfigurationIsVisible = 0;
			defaultConfigurationName = Release;
		};
		852B88061C4F936E00D9479A /* Build configuration list for PBXNativeTarget "ZXYKit_Demo" */ = {
			isa = XCConfigurationList;
			buildConfigurations = (
				852B88071C4F936E00D9479A /* Debug */,
				852B88081C4F936E00D9479A /* Release */,
			);
			defaultConfigurationIsVisible = 0;
			defaultConfigurationName = Release;
		};
/* End XCConfigurationList section */
	};
	rootObject = 852B87E71C4F936E00D9479A /* Project object */;
}
