// !$*UTF8*$!
{
	archiveVersion = 1;
	classes = {
	};
	objectVersion = 46;
	objects = {

/* Begin PBXBuildFile section */
		852B87F41C4F936E00D9479A /* main.m in Sources */ = {isa = PBXBuildFile; fileRef = 852B87F31C4F936E00D9479A /* main.m */; };
		852B87F71C4F936E00D9479A /* AppDelegate.m in Sources */ = {isa = PBXBuildFile; fileRef = 852B87F61C4F936E00D9479A /* AppDelegate.m */; };
		852B87FD1C4F936E00D9479A /* Main.storyboard in Resources */ = {isa = PBXBuildFile; fileRef = 852B87FB1C4F936E00D9479A /* Main.storyboard */; };
		852B87FF1C4F936E00D9479A /* Assets.xcassets in Resources */ = {isa = PBXBuildFile; fileRef = 852B87FE1C4F936E00D9479A /* Assets.xcassets */; };
		852B88021C4F936E00D9479A /* LaunchScreen.storyboard in Resources */ = {isa = PBXBuildFile; fileRef = 852B88001C4F936E00D9479A /* LaunchScreen.storyboard */; };
		EC0AA2AC1CC7B08300CACA44 /* UIColor+ZXYColor.m in Sources */ = {isa = PBXBuildFile; fileRef = EC0AA2A91CC7B08300CACA44 /* UIColor+ZXYColor.m */; };
		EC0AA2AD1CC7B08300CACA44 /* UIImage+ZXYImage.m in Sources */ = {isa = PBXBuildFile; fileRef = EC0AA2AB1CC7B08300CACA44 /* UIImage+ZXYImage.m */; };
		EC0AA2B51CC7B13500CACA44 /* ZXYback.png in Resources */ = {isa = PBXBuildFile; fileRef = EC0AA2AF1CC7B13500CACA44 /* ZXYback.png */; };
		EC0AA2B61CC7B13500CACA44 /* ZXYClipView.m in Sources */ = {isa = PBXBuildFile; fileRef = EC0AA2B11CC7B13500CACA44 /* ZXYClipView.m */; };
		EC0AA2B71CC7B13500CACA44 /* ZXYPickImageViewController.m in Sources */ = {isa = PBXBuildFile; fileRef = EC0AA2B31CC7B13500CACA44 /* ZXYPickImageViewController.m */; };
		EC0AA2B81CC7B13500CACA44 /* ZXYsave.png in Resources */ = {isa = PBXBuildFile; fileRef = EC0AA2B41CC7B13500CACA44 /* ZXYsave.png */; };
		EC0AA2BC1CC7B1A300CACA44 /* PickImageViewController.m in Sources */ = {isa = PBXBuildFile; fileRef = EC0AA2BB1CC7B1A300CACA44 /* PickImageViewController.m */; };
		EC30ACC41CCD26FE005BD274 /* ZXYGooView.m in Sources */ = {isa = PBXBuildFile; fileRef = EC30ACBF1CCD26FE005BD274 /* ZXYGooView.m */; };
		EC30ACC51CCD26FE005BD274 /* ZXYTabBar.m in Sources */ = {isa = PBXBuildFile; fileRef = EC30ACC11CCD26FE005BD274 /* ZXYTabBar.m */; };
		EC30ACC61CCD26FE005BD274 /* ZXYTabBarItem.m in Sources */ = {isa = PBXBuildFile; fileRef = EC30ACC31CCD26FE005BD274 /* ZXYTabBarItem.m */; };
		EC30ACCA1CCD27D7005BD274 /* ZXYTabBarController.m in Sources */ = {isa = PBXBuildFile; fileRef = EC30ACC91CCD27D7005BD274 /* ZXYTabBarController.m */; };
		EC30ACD21CCDB282005BD274 /* GooViewController.m in Sources */ = {isa = PBXBuildFile; fileRef = EC30ACD11CCDB282005BD274 /* GooViewController.m */; };
		EC30ADA81CD06905005BD274 /* ZXYGraphModel.m in Sources */ = {isa = PBXBuildFile; fileRef = EC30ADA51CD06905005BD274 /* ZXYGraphModel.m */; };
		EC30ADA91CD06905005BD274 /* ZXYGraphView.m in Sources */ = {isa = PBXBuildFile; fileRef = EC30ADA71CD06905005BD274 /* ZXYGraphView.m */; };
		EC3531F61CBBB47E006D0F50 /* ZXYPageView.m in Sources */ = {isa = PBXBuildFile; fileRef = EC3531F51CBBB47E006D0F50 /* ZXYPageView.m */; };
		EC3531F91CBBB794006D0F50 /* PageViewController.m in Sources */ = {isa = PBXBuildFile; fileRef = EC3531F81CBBB794006D0F50 /* PageViewController.m */; };
		EC4CCCEA1CC3D0D500BD08E4 /* ZXYMenuView.m in Sources */ = {isa = PBXBuildFile; fileRef = EC4CCCE71CC3D0D500BD08E4 /* ZXYMenuView.m */; };
		EC4CCCEB1CC3D0D500BD08E4 /* ZXYMenuViewController.m in Sources */ = {isa = PBXBuildFile; fileRef = EC4CCCE91CC3D0D500BD08E4 /* ZXYMenuViewController.m */; };
		EC4CCCEF1CC3D25500BD08E4 /* MenuViewController.m in Sources */ = {isa = PBXBuildFile; fileRef = EC4CCCEE1CC3D25500BD08E4 /* MenuViewController.m */; };
		ECECDC6F1CC9FA7400FC8F34 /* CALayer+ZXYAnimation.m in Sources */ = {isa = PBXBuildFile; fileRef = ECECDC671CC9FA7400FC8F34 /* CALayer+ZXYAnimation.m */; };
		ECECDC701CC9FA7400FC8F34 /* ZXYAnimation.m in Sources */ = {isa = PBXBuildFile; fileRef = ECECDC691CC9FA7400FC8F34 /* ZXYAnimation.m */; };
		ECECDC711CC9FA7400FC8F34 /* ZXYAnimationMaker.m in Sources */ = {isa = PBXBuildFile; fileRef = ECECDC6B1CC9FA7400FC8F34 /* ZXYAnimationMaker.m */; };
		ECECDC721CC9FA7400FC8F34 /* ZXYKeyframeAnimation.m in Sources */ = {isa = PBXBuildFile; fileRef = ECECDC6D1CC9FA7400FC8F34 /* ZXYKeyframeAnimation.m */; };
		ECECDC761CC9FB8F00FC8F34 /* GraphViewController.m in Sources */ = {isa = PBXBuildFile; fileRef = ECECDC751CC9FB8F00FC8F34 /* GraphViewController.m */; };
		ECECDC7A1CC9FBC200FC8F34 /* AnimationViewController.m in Sources */ = {isa = PBXBuildFile; fileRef = ECECDC791CC9FBC200FC8F34 /* AnimationViewController.m */; };
/* End PBXBuildFile section */

/* Begin PBXFileReference section */
		852B87EF1C4F936E00D9479A /* ZXYKit_Demo.app */ = {isa = PBXFileReference; explicitFileType = wrapper.application; includeInIndex = 0; path = ZXYKit_Demo.app; sourceTree = BUILT_PRODUCTS_DIR; };
		852B87F31C4F936E00D9479A /* main.m */ = {isa = PBXFileReference; lastKnownFileType = sourcecode.c.objc; path = main.m; sourceTree = "<group>"; };
		852B87F51C4F936E00D9479A /* AppDelegate.h */ = {isa = PBXFileReference; lastKnownFileType = sourcecode.c.h; path = AppDelegate.h; sourceTree = "<group>"; };
		852B87F61C4F936E00D9479A /* AppDelegate.m */ = {isa = PBXFileReference; lastKnownFileType = sourcecode.c.objc; path = AppDelegate.m; sourceTree = "<group>"; };
		852B87FC1C4F936E00D9479A /* Base */ = {isa = PBXFileReference; lastKnownFileType = file.storyboard; name = Base; path = Base.lproj/Main.storyboard; sourceTree = "<group>"; };
		852B87FE1C4F936E00D9479A /* Assets.xcassets */ = {isa = PBXFileReference; lastKnownFileType = folder.assetcatalog; path = Assets.xcassets; sourceTree = "<group>"; };
		852B88011C4F936E00D9479A /* Base */ = {isa = PBXFileReference; lastKnownFileType = file.storyboard; name = Base; path = Base.lproj/LaunchScreen.storyboard; sourceTree = "<group>"; };
		852B88031C4F936E00D9479A /* Info.plist */ = {isa = PBXFileReference; lastKnownFileType = text.plist.xml; path = Info.plist; sourceTree = "<group>"; };
		EC0AA2A81CC7B08300CACA44 /* UIColor+ZXYColor.h */ = {isa = PBXFileReference; fileEncoding = 4; lastKnownFileType = sourcecode.c.h; path = "UIColor+ZXYColor.h"; sourceTree = "<group>"; };
		EC0AA2A91CC7B08300CACA44 /* UIColor+ZXYColor.m */ = {isa = PBXFileReference; fileEncoding = 4; lastKnownFileType = sourcecode.c.objc; path = "UIColor+ZXYColor.m"; sourceTree = "<group>"; };
		EC0AA2AA1CC7B08300CACA44 /* UIImage+ZXYImage.h */ = {isa = PBXFileReference; fileEncoding = 4; lastKnownFileType = sourcecode.c.h; path = "UIImage+ZXYImage.h"; sourceTree = "<group>"; };
		EC0AA2AB1CC7B08300CACA44 /* UIImage+ZXYImage.m */ = {isa = PBXFileReference; fileEncoding = 4; lastKnownFileType = sourcecode.c.objc; path = "UIImage+ZXYImage.m"; sourceTree = "<group>"; };
		EC0AA2AF1CC7B13500CACA44 /* ZXYback.png */ = {isa = PBXFileReference; lastKnownFileType = image.png; path = ZXYback.png; sourceTree = "<group>"; };
		EC0AA2B01CC7B13500CACA44 /* ZXYClipView.h */ = {isa = PBXFileReference; fileEncoding = 4; lastKnownFileType = sourcecode.c.h; path = ZXYClipView.h; sourceTree = "<group>"; };
		EC0AA2B11CC7B13500CACA44 /* ZXYClipView.m */ = {isa = PBXFileReference; fileEncoding = 4; lastKnownFileType = sourcecode.c.objc; path = ZXYClipView.m; sourceTree = "<group>"; };
		EC0AA2B21CC7B13500CACA44 /* ZXYPickImageViewController.h */ = {isa = PBXFileReference; fileEncoding = 4; lastKnownFileType = sourcecode.c.h; path = ZXYPickImageViewController.h; sourceTree = "<group>"; };
		EC0AA2B31CC7B13500CACA44 /* ZXYPickImageViewController.m */ = {isa = PBXFileReference; fileEncoding = 4; lastKnownFileType = sourcecode.c.objc; path = ZXYPickImageViewController.m; sourceTree = "<group>"; };
		EC0AA2B41CC7B13500CACA44 /* ZXYsave.png */ = {isa = PBXFileReference; lastKnownFileType = image.png; path = ZXYsave.png; sourceTree = "<group>"; };
		EC0AA2BA1CC7B1A300CACA44 /* PickImageViewController.h */ = {isa = PBXFileReference; fileEncoding = 4; lastKnownFileType = sourcecode.c.h; path = PickImageViewController.h; sourceTree = "<group>"; };
		EC0AA2BB1CC7B1A300CACA44 /* PickImageViewController.m */ = {isa = PBXFileReference; fileEncoding = 4; lastKnownFileType = sourcecode.c.objc; path = PickImageViewController.m; sourceTree = "<group>"; };
		EC30ACBE1CCD26FE005BD274 /* ZXYGooView.h */ = {isa = PBXFileReference; fileEncoding = 4; lastKnownFileType = sourcecode.c.h; path = ZXYGooView.h; sourceTree = "<group>"; };
		EC30ACBF1CCD26FE005BD274 /* ZXYGooView.m */ = {isa = PBXFileReference; fileEncoding = 4; lastKnownFileType = sourcecode.c.objc; path = ZXYGooView.m; sourceTree = "<group>"; };
		EC30ACC01CCD26FE005BD274 /* ZXYTabBar.h */ = {isa = PBXFileReference; fileEncoding = 4; lastKnownFileType = sourcecode.c.h; path = ZXYTabBar.h; sourceTree = "<group>"; };
		EC30ACC11CCD26FE005BD274 /* ZXYTabBar.m */ = {isa = PBXFileReference; fileEncoding = 4; lastKnownFileType = sourcecode.c.objc; path = ZXYTabBar.m; sourceTree = "<group>"; };
		EC30ACC21CCD26FE005BD274 /* ZXYTabBarItem.h */ = {isa = PBXFileReference; fileEncoding = 4; lastKnownFileType = sourcecode.c.h; path = ZXYTabBarItem.h; sourceTree = "<group>"; };
		EC30ACC31CCD26FE005BD274 /* ZXYTabBarItem.m */ = {isa = PBXFileReference; fileEncoding = 4; lastKnownFileType = sourcecode.c.objc; path = ZXYTabBarItem.m; sourceTree = "<group>"; };
		EC30ACC81CCD27D7005BD274 /* ZXYTabBarController.h */ = {isa = PBXFileReference; fileEncoding = 4; lastKnownFileType = sourcecode.c.h; path = ZXYTabBarController.h; sourceTree = "<group>"; };
		EC30ACC91CCD27D7005BD274 /* ZXYTabBarController.m */ = {isa = PBXFileReference; fileEncoding = 4; lastKnownFileType = sourcecode.c.objc; path = ZXYTabBarController.m; sourceTree = "<group>"; };
		EC30ACD01CCDB282005BD274 /* GooViewController.h */ = {isa = PBXFileReference; fileEncoding = 4; lastKnownFileType = sourcecode.c.h; path = GooViewController.h; sourceTree = "<group>"; };
		EC30ACD11CCDB282005BD274 /* GooViewController.m */ = {isa = PBXFileReference; fileEncoding = 4; lastKnownFileType = sourcecode.c.objc; path = GooViewController.m; sourceTree = "<group>"; };
		EC30ADA41CD06905005BD274 /* ZXYGraphModel.h */ = {isa = PBXFileReference; fileEncoding = 4; lastKnownFileType = sourcecode.c.h; path = ZXYGraphModel.h; sourceTree = "<group>"; };
		EC30ADA51CD06905005BD274 /* ZXYGraphModel.m */ = {isa = PBXFileReference; fileEncoding = 4; lastKnownFileType = sourcecode.c.objc; path = ZXYGraphModel.m; sourceTree = "<group>"; };
		EC30ADA61CD06905005BD274 /* ZXYGraphView.h */ = {isa = PBXFileReference; fileEncoding = 4; lastKnownFileType = sourcecode.c.h; path = ZXYGraphView.h; sourceTree = "<group>"; };
		EC30ADA71CD06905005BD274 /* ZXYGraphView.m */ = {isa = PBXFileReference; fileEncoding = 4; lastKnownFileType = sourcecode.c.objc; path = ZXYGraphView.m; sourceTree = "<group>"; };
		EC3531F41CBBB47E006D0F50 /* ZXYPageView.h */ = {isa = PBXFileReference; fileEncoding = 4; lastKnownFileType = sourcecode.c.h; path = ZXYPageView.h; sourceTree = "<group>"; };
		EC3531F51CBBB47E006D0F50 /* ZXYPageView.m */ = {isa = PBXFileReference; fileEncoding = 4; lastKnownFileType = sourcecode.c.objc; path = ZXYPageView.m; sourceTree = "<group>"; };
		EC3531F71CBBB794006D0F50 /* PageViewController.h */ = {isa = PBXFileReference; fileEncoding = 4; lastKnownFileType = sourcecode.c.h; path = PageViewController.h; sourceTree = "<group>"; };
		EC3531F81CBBB794006D0F50 /* PageViewController.m */ = {isa = PBXFileReference; fileEncoding = 4; lastKnownFileType = sourcecode.c.objc; path = PageViewController.m; sourceTree = "<group>"; };
		EC4CCCE61CC3D0D500BD08E4 /* ZXYMenuView.h */ = {isa = PBXFileReference; fileEncoding = 4; lastKnownFileType = sourcecode.c.h; path = ZXYMenuView.h; sourceTree = "<group>"; };
		EC4CCCE71CC3D0D500BD08E4 /* ZXYMenuView.m */ = {isa = PBXFileReference; fileEncoding = 4; lastKnownFileType = sourcecode.c.objc; path = ZXYMenuView.m; sourceTree = "<group>"; };
		EC4CCCE81CC3D0D500BD08E4 /* ZXYMenuViewController.h */ = {isa = PBXFileReference; fileEncoding = 4; lastKnownFileType = sourcecode.c.h; path = ZXYMenuViewController.h; sourceTree = "<group>"; };
		EC4CCCE91CC3D0D500BD08E4 /* ZXYMenuViewController.m */ = {isa = PBXFileReference; fileEncoding = 4; lastKnownFileType = sourcecode.c.objc; path = ZXYMenuViewController.m; sourceTree = "<group>"; };
		EC4CCCED1CC3D25500BD08E4 /* MenuViewController.h */ = {isa = PBXFileReference; fileEncoding = 4; lastKnownFileType = sourcecode.c.h; path = MenuViewController.h; sourceTree = "<group>"; };
		EC4CCCEE1CC3D25500BD08E4 /* MenuViewController.m */ = {isa = PBXFileReference; fileEncoding = 4; lastKnownFileType = sourcecode.c.objc; path = MenuViewController.m; sourceTree = "<group>"; };
		ECECDC651CC9FA7400FC8F34 /* Animation.h */ = {isa = PBXFileReference; fileEncoding = 4; lastKnownFileType = sourcecode.c.h; path = Animation.h; sourceTree = "<group>"; };
		ECECDC661CC9FA7400FC8F34 /* CALayer+ZXYAnimation.h */ = {isa = PBXFileReference; fileEncoding = 4; lastKnownFileType = sourcecode.c.h; path = "CALayer+ZXYAnimation.h"; sourceTree = "<group>"; };
		ECECDC671CC9FA7400FC8F34 /* CALayer+ZXYAnimation.m */ = {isa = PBXFileReference; fileEncoding = 4; lastKnownFileType = sourcecode.c.objc; path = "CALayer+ZXYAnimation.m"; sourceTree = "<group>"; };
		ECECDC681CC9FA7400FC8F34 /* ZXYAnimation.h */ = {isa = PBXFileReference; fileEncoding = 4; lastKnownFileType = sourcecode.c.h; path = ZXYAnimation.h; sourceTree = "<group>"; };
		ECECDC691CC9FA7400FC8F34 /* ZXYAnimation.m */ = {isa = PBXFileReference; fileEncoding = 4; lastKnownFileType = sourcecode.c.objc; path = ZXYAnimation.m; sourceTree = "<group>"; };
		ECECDC6A1CC9FA7400FC8F34 /* ZXYAnimationMaker.h */ = {isa = PBXFileReference; fileEncoding = 4; lastKnownFileType = sourcecode.c.h; path = ZXYAnimationMaker.h; sourceTree = "<group>"; };
		ECECDC6B1CC9FA7400FC8F34 /* ZXYAnimationMaker.m */ = {isa = PBXFileReference; fileEncoding = 4; lastKnownFileType = sourcecode.c.objc; path = ZXYAnimationMaker.m; sourceTree = "<group>"; };
		ECECDC6C1CC9FA7400FC8F34 /* ZXYKeyframeAnimation.h */ = {isa = PBXFileReference; fileEncoding = 4; lastKnownFileType = sourcecode.c.h; path = ZXYKeyframeAnimation.h; sourceTree = "<group>"; };
		ECECDC6D1CC9FA7400FC8F34 /* ZXYKeyframeAnimation.m */ = {isa = PBXFileReference; fileEncoding = 4; lastKnownFileType = sourcecode.c.objc; path = ZXYKeyframeAnimation.m; sourceTree = "<group>"; };
		ECECDC6E1CC9FA7400FC8F34 /* ZXYUtilities.h */ = {isa = PBXFileReference; fileEncoding = 4; lastKnownFileType = sourcecode.c.h; path = ZXYUtilities.h; sourceTree = "<group>"; };
		ECECDC741CC9FB8F00FC8F34 /* GraphViewController.h */ = {isa = PBXFileReference; fileEncoding = 4; lastKnownFileType = sourcecode.c.h; path = GraphViewController.h; sourceTree = "<group>"; };
		ECECDC751CC9FB8F00FC8F34 /* GraphViewController.m */ = {isa = PBXFileReference; fileEncoding = 4; lastKnownFileType = sourcecode.c.objc; path = GraphViewController.m; sourceTree = "<group>"; };
		ECECDC781CC9FBC200FC8F34 /* AnimationViewController.h */ = {isa = PBXFileReference; fileEncoding = 4; lastKnownFileType = sourcecode.c.h; path = AnimationViewController.h; sourceTree = "<group>"; };
		ECECDC791CC9FBC200FC8F34 /* AnimationViewController.m */ = {isa = PBXFileReference; fileEncoding = 4; lastKnownFileType = sourcecode.c.objc; path = AnimationViewController.m; sourceTree = "<group>"; };
/* End PBXFileReference section */

/* Begin PBXFrameworksBuildPhase section */
		852B87EC1C4F936E00D9479A /* Frameworks */ = {
			isa = PBXFrameworksBuildPhase;
			buildActionMask = 2147483647;
			files = (
			);
			runOnlyForDeploymentPostprocessing = 0;
		};
/* End PBXFrameworksBuildPhase section */

/* Begin PBXGroup section */
		852B87E61C4F936E00D9479A = {
			isa = PBXGroup;
			children = (
				EC3531F21CBBB47E006D0F50 /* Kit */,
				852B87F11C4F936E00D9479A /* ZXYKit_Demo */,
				852B87F01C4F936E00D9479A /* Products */,
			);
			sourceTree = "<group>";
		};
		852B87F01C4F936E00D9479A /* Products */ = {
			isa = PBXGroup;
			children = (
				852B87EF1C4F936E00D9479A /* ZXYKit_Demo.app */,
			);
			name = Products;
			sourceTree = "<group>";
		};
		852B87F11C4F936E00D9479A /* ZXYKit_Demo */ = {
			isa = PBXGroup;
			children = (
				852B87F51C4F936E00D9479A /* AppDelegate.h */,
				852B87F61C4F936E00D9479A /* AppDelegate.m */,
				EC3531F71CBBB794006D0F50 /* PageViewController.h */,
				EC3531F81CBBB794006D0F50 /* PageViewController.m */,
				EC30ACCF1CCDB262005BD274 /* GooViewController */,
				EC30ACC71CCD27D7005BD274 /* TabBarViewControllor */,
				ECECDC771CC9FBAA00FC8F34 /* AnimationController */,
				ECECDC731CC9FB8F00FC8F34 /* GraphViewController */,
				EC0AA2B91CC7B18900CACA44 /* PickImgeVIewController */,
				EC4CCCEC1CC3D19B00BD08E4 /* MenuViewController */,
				852B87FB1C4F936E00D9479A /* Main.storyboard */,
				852B87FE1C4F936E00D9479A /* Assets.xcassets */,
				852B88001C4F936E00D9479A /* LaunchScreen.storyboard */,
				852B88031C4F936E00D9479A /* Info.plist */,
				852B87F21C4F936E00D9479A /* Supporting Files */,
			);
			path = ZXYKit_Demo;
			sourceTree = "<group>";
		};
		852B87F21C4F936E00D9479A /* Supporting Files */ = {
			isa = PBXGroup;
			children = (
				EC0AA2A71CC7B08300CACA44 /* Category */,
				852B87F31C4F936E00D9479A /* main.m */,
			);
			name = "Supporting Files";
			sourceTree = "<group>";
		};
		EC0AA2A71CC7B08300CACA44 /* Category */ = {
			isa = PBXGroup;
			children = (
				EC0AA2A81CC7B08300CACA44 /* UIColor+ZXYColor.h */,
				EC0AA2A91CC7B08300CACA44 /* UIColor+ZXYColor.m */,
				EC0AA2AA1CC7B08300CACA44 /* UIImage+ZXYImage.h */,
				EC0AA2AB1CC7B08300CACA44 /* UIImage+ZXYImage.m */,
			);
			path = Category;
			sourceTree = "<group>";
		};
		EC0AA2AE1CC7B13500CACA44 /* ZXYPickImageViewController */ = {
			isa = PBXGroup;
			children = (
				EC0AA2AF1CC7B13500CACA44 /* ZXYback.png */,
				EC0AA2B01CC7B13500CACA44 /* ZXYClipView.h */,
				EC0AA2B11CC7B13500CACA44 /* ZXYClipView.m */,
				EC0AA2B21CC7B13500CACA44 /* ZXYPickImageViewController.h */,
				EC0AA2B31CC7B13500CACA44 /* ZXYPickImageViewController.m */,
				EC0AA2B41CC7B13500CACA44 /* ZXYsave.png */,
			);
			path = ZXYPickImageViewController;
			sourceTree = "<group>";
		};
		EC0AA2B91CC7B18900CACA44 /* PickImgeVIewController */ = {
			isa = PBXGroup;
			children = (
				EC0AA2BA1CC7B1A300CACA44 /* PickImageViewController.h */,
				EC0AA2BB1CC7B1A300CACA44 /* PickImageViewController.m */,
			);
			path = PickImgeVIewController;
			sourceTree = "<group>";
		};
		EC30ACBD1CCD26FE005BD274 /* ZXYTabBar */ = {
			isa = PBXGroup;
			children = (
				EC30ACBE1CCD26FE005BD274 /* ZXYGooView.h */,
				EC30ACBF1CCD26FE005BD274 /* ZXYGooView.m */,
				EC30ACC01CCD26FE005BD274 /* ZXYTabBar.h */,
				EC30ACC11CCD26FE005BD274 /* ZXYTabBar.m */,
				EC30ACC21CCD26FE005BD274 /* ZXYTabBarItem.h */,
				EC30ACC31CCD26FE005BD274 /* ZXYTabBarItem.m */,
			);
			path = ZXYTabBar;
			sourceTree = "<group>";
		};
		EC30ACC71CCD27D7005BD274 /* TabBarViewControllor */ = {
			isa = PBXGroup;
			children = (
				EC30ACC81CCD27D7005BD274 /* ZXYTabBarController.h */,
				EC30ACC91CCD27D7005BD274 /* ZXYTabBarController.m */,
			);
			path = TabBarViewControllor;
			sourceTree = "<group>";
		};
		EC30ACCF1CCDB262005BD274 /* GooViewController */ = {
			isa = PBXGroup;
			children = (
				EC30ACD01CCDB282005BD274 /* GooViewController.h */,
				EC30ACD11CCDB282005BD274 /* GooViewController.m */,
			);
			path = GooViewController;
			sourceTree = "<group>";
		};
		EC30ADA31CD06905005BD274 /* ZXYGraph */ = {
			isa = PBXGroup;
			children = (
				EC30ADA41CD06905005BD274 /* ZXYGraphModel.h */,
				EC30ADA51CD06905005BD274 /* ZXYGraphModel.m */,
				EC30ADA61CD06905005BD274 /* ZXYGraphView.h */,
				EC30ADA71CD06905005BD274 /* ZXYGraphView.m */,
			);
			path = ZXYGraph;
			sourceTree = "<group>";
		};
		EC3531F21CBBB47E006D0F50 /* Kit */ = {
			isa = PBXGroup;
			children = (
				EC30ADA31CD06905005BD274 /* ZXYGraph */,
				EC30ACBD1CCD26FE005BD274 /* ZXYTabBar */,
				ECECDC641CC9FA7400FC8F34 /* ZXYAnimationKit */,
				EC0AA2AE1CC7B13500CACA44 /* ZXYPickImageViewController */,
				EC4CCCE51CC3D0D500BD08E4 /* ZXYMenuView */,
				EC3531F31CBBB47E006D0F50 /* PageView */,
			);
			name = Kit;
			path = ZXYKit_Demo/Kit;
			sourceTree = "<group>";
		};
		EC3531F31CBBB47E006D0F50 /* PageView */ = {
			isa = PBXGroup;
			children = (
				EC3531F41CBBB47E006D0F50 /* ZXYPageView.h */,
				EC3531F51CBBB47E006D0F50 /* ZXYPageView.m */,
			);
			path = PageView;
			sourceTree = "<group>";
		};
		EC4CCCE51CC3D0D500BD08E4 /* ZXYMenuView */ = {
			isa = PBXGroup;
			children = (
				EC4CCCE61CC3D0D500BD08E4 /* ZXYMenuView.h */,
				EC4CCCE71CC3D0D500BD08E4 /* ZXYMenuView.m */,
				EC4CCCE81CC3D0D500BD08E4 /* ZXYMenuViewController.h */,
				EC4CCCE91CC3D0D500BD08E4 /* ZXYMenuViewController.m */,
			);
			path = ZXYMenuView;
			sourceTree = "<group>";
		};
		EC4CCCEC1CC3D19B00BD08E4 /* MenuViewController */ = {
			isa = PBXGroup;
			children = (
				EC4CCCED1CC3D25500BD08E4 /* MenuViewController.h */,
				EC4CCCEE1CC3D25500BD08E4 /* MenuViewController.m */,
			);
			path = MenuViewController;
			sourceTree = "<group>";
		};
		ECECDC641CC9FA7400FC8F34 /* ZXYAnimationKit */ = {
			isa = PBXGroup;
			children = (
				ECECDC651CC9FA7400FC8F34 /* Animation.h */,
				ECECDC661CC9FA7400FC8F34 /* CALayer+ZXYAnimation.h */,
				ECECDC671CC9FA7400FC8F34 /* CALayer+ZXYAnimation.m */,
				ECECDC681CC9FA7400FC8F34 /* ZXYAnimation.h */,
				ECECDC691CC9FA7400FC8F34 /* ZXYAnimation.m */,
				ECECDC6A1CC9FA7400FC8F34 /* ZXYAnimationMaker.h */,
				ECECDC6B1CC9FA7400FC8F34 /* ZXYAnimationMaker.m */,
				ECECDC6C1CC9FA7400FC8F34 /* ZXYKeyframeAnimation.h */,
				ECECDC6D1CC9FA7400FC8F34 /* ZXYKeyframeAnimation.m */,
				ECECDC6E1CC9FA7400FC8F34 /* ZXYUtilities.h */,
			);
			path = ZXYAnimationKit;
			sourceTree = "<group>";
		};
		ECECDC731CC9FB8F00FC8F34 /* GraphViewController */ = {
			isa = PBXGroup;
			children = (
				ECECDC741CC9FB8F00FC8F34 /* GraphViewController.h */,
				ECECDC751CC9FB8F00FC8F34 /* GraphViewController.m */,
			);
			path = GraphViewController;
			sourceTree = "<group>";
		};
		ECECDC771CC9FBAA00FC8F34 /* AnimationController */ = {
			isa = PBXGroup;
			children = (
				ECECDC781CC9FBC200FC8F34 /* AnimationViewController.h */,
				ECECDC791CC9FBC200FC8F34 /* AnimationViewController.m */,
			);
			path = AnimationController;
			sourceTree = "<group>";
		};
/* End PBXGroup section */

/* Begin PBXNativeTarget section */
		852B87EE1C4F936E00D9479A /* ZXYKit_Demo */ = {
			isa = PBXNativeTarget;
			buildConfigurationList = 852B88061C4F936E00D9479A /* Build configuration list for PBXNativeTarget "ZXYKit_Demo" */;
			buildPhases = (
				852B87EB1C4F936E00D9479A /* Sources */,
				852B87EC1C4F936E00D9479A /* Frameworks */,
				852B87ED1C4F936E00D9479A /* Resources */,
			);
			buildRules = (
			);
			dependencies = (
			);
			name = ZXYKit_Demo;
			productName = ZXYKit_Demo;
			productReference = 852B87EF1C4F936E00D9479A /* ZXYKit_Demo.app */;
			productType = "com.apple.product-type.application";
		};
/* End PBXNativeTarget section */

/* Begin PBXProject section */
		852B87E71C4F936E00D9479A /* Project object */ = {
			isa = PBXProject;
			attributes = {
				LastUpgradeCheck = 0710;
				ORGANIZATIONNAME = tarena;
				TargetAttributes = {
					852B87EE1C4F936E00D9479A = {
						CreatedOnToolsVersion = 7.1;
						DevelopmentTeam = P23UWXMRAB;
					};
				};
			};
			buildConfigurationList = 852B87EA1C4F936E00D9479A /* Build configuration list for PBXProject "ZXYKit_Demo" */;
			compatibilityVersion = "Xcode 3.2";
			developmentRegion = English;
			hasScannedForEncodings = 0;
			knownRegions = (
				en,
				Base,
			);
			mainGroup = 852B87E61C4F936E00D9479A;
			productRefGroup = 852B87F01C4F936E00D9479A /* Products */;
			projectDirPath = "";
			projectRoot = "";
			targets = (
				852B87EE1C4F936E00D9479A /* ZXYKit_Demo */,
			);
		};
/* End PBXProject section */

/* Begin PBXResourcesBuildPhase section */
		852B87ED1C4F936E00D9479A /* Resources */ = {
			isa = PBXResourcesBuildPhase;
			buildActionMask = 2147483647;
			files = (
				852B88021C4F936E00D9479A /* LaunchScreen.storyboard in Resources */,
				EC0AA2B81CC7B13500CACA44 /* ZXYsave.png in Resources */,
				852B87FF1C4F936E00D9479A /* Assets.xcassets in Resources */,
				EC0AA2B51CC7B13500CACA44 /* ZXYback.png in Resources */,
				852B87FD1C4F936E00D9479A /* Main.storyboard in Resources */,
			);
			runOnlyForDeploymentPostprocessing = 0;
		};
/* End PBXResourcesBuildPhase section */

/* Begin PBXSourcesBuildPhase section */
		852B87EB1C4F936E00D9479A /* Sources */ = {
			isa = PBXSourcesBuildPhase;
			buildActionMask = 2147483647;
			files = (
				EC0AA2AC1CC7B08300CACA44 /* UIColor+ZXYColor.m in Sources */,
				ECECDC721CC9FA7400FC8F34 /* ZXYKeyframeAnimation.m in Sources */,
				EC0AA2B71CC7B13500CACA44 /* ZXYPickImageViewController.m in Sources */,
				852B87F71C4F936E00D9479A /* AppDelegate.m in Sources */,
				EC0AA2AD1CC7B08300CACA44 /* UIImage+ZXYImage.m in Sources */,
				ECECDC7A1CC9FBC200FC8F34 /* AnimationViewController.m in Sources */,
				852B87F41C4F936E00D9479A /* main.m in Sources */,
				ECECDC6F1CC9FA7400FC8F34 /* CALayer+ZXYAnimation.m in Sources */,
				EC30ADA91CD06905005BD274 /* ZXYGraphView.m in Sources */,
				EC30ADA81CD06905005BD274 /* ZXYGraphModel.m in Sources */,
				EC30ACC61CCD26FE005BD274 /* ZXYTabBarItem.m in Sources */,
				EC30ACC41CCD26FE005BD274 /* ZXYGooView.m in Sources */,
				EC3531F61CBBB47E006D0F50 /* ZXYPageView.m in Sources */,
				EC0AA2BC1CC7B1A300CACA44 /* PickImageViewController.m in Sources */,
				ECECDC711CC9FA7400FC8F34 /* ZXYAnimationMaker.m in Sources */,
				EC3531F91CBBB794006D0F50 /* PageViewController.m in Sources */,
				ECECDC761CC9FB8F00FC8F34 /* GraphViewController.m in Sources */,
				EC30ACD21CCDB282005BD274 /* GooViewController.m in Sources */,
				ECECDC701CC9FA7400FC8F34 /* ZXYAnimation.m in Sources */,
				EC4CCCEF1CC3D25500BD08E4 /* MenuViewController.m in Sources */,
				EC30ACCA1CCD27D7005BD274 /* ZXYTabBarController.m in Sources */,
				EC4CCCEA1CC3D0D500BD08E4 /* ZXYMenuView.m in Sources */,
				EC4CCCEB1CC3D0D500BD08E4 /* ZXYMenuViewController.m in Sources */,
				EC0AA2B61CC7B13500CACA44 /* ZXYClipView.m in Sources */,
				EC30ACC51CCD26FE005BD274 /* ZXYTabBar.m in Sources */,
			);
			runOnlyForDeploymentPostprocessing = 0;
		};
/* End PBXSourcesBuildPhase section */

/* Begin PBXVariantGroup section */
		852B87FB1C4F936E00D9479A /* Main.storyboard */ = {
			isa = PBXVariantGroup;
			children = (
				852B87FC1C4F936E00D9479A /* Base */,
			);
			name = Main.storyboard;
			sourceTree = "<group>";
		};
		852B88001C4F936E00D9479A /* LaunchScreen.storyboard */ = {
			isa = PBXVariantGroup;
			children = (
				852B88011C4F936E00D9479A /* Base */,
			);
			name = LaunchScreen.storyboard;
			sourceTree = "<group>";
		};
/* End PBXVariantGroup section */

/* Begin XCBuildConfiguration section */
		852B88041C4F936E00D9479A /* Debug */ = {
			isa = XCBuildConfiguration;
			buildSettings = {
				ALWAYS_SEARCH_USER_PATHS = NO;
				CLANG_CXX_LANGUAGE_STANDARD = "gnu++0x";
				CLANG_CXX_LIBRARY = "libc++";
				CLANG_ENABLE_MODULES = YES;
				CLANG_ENABLE_OBJC_ARC = YES;
				CLANG_WARN_BOOL_CONVERSION = YES;
				CLANG_WARN_CONSTANT_CONVERSION = YES;
				CLANG_WARN_DIRECT_OBJC_ISA_USAGE = YES_ERROR;
				CLANG_WARN_EMPTY_BODY = YES;
				CLANG_WARN_ENUM_CONVERSION = YES;
				CLANG_WARN_INT_CONVERSION = YES;
				CLANG_WARN_OBJC_ROOT_CLASS = YES_ERROR;
				CLANG_WARN_UNREACHABLE_CODE = YES;
				CLANG_WARN__DUPLICATE_METHOD_MATCH = YES;
				"CODE_SIGN_IDENTITY[sdk=iphoneos*]" = "iPhone Developer";
				COPY_PHASE_STRIP = NO;
				DEBUG_INFORMATION_FORMAT = dwarf;
				ENABLE_STRICT_OBJC_MSGSEND = YES;
				ENABLE_TESTABILITY = YES;
				GCC_C_LANGUAGE_STANDARD = gnu99;
				GCC_DYNAMIC_NO_PIC = NO;
				GCC_NO_COMMON_BLOCKS = YES;
				GCC_OPTIMIZATION_LEVEL = 0;
				GCC_PREPROCESSOR_DEFINITIONS = (
					"DEBUG=1",
					"$(inherited)",
				);
				GCC_WARN_64_TO_32_BIT_CONVERSION = YES;
				GCC_WARN_ABOUT_RETURN_TYPE = YES_ERROR;
				GCC_WARN_UNDECLARED_SELECTOR = YES;
				GCC_WARN_UNINITIALIZED_AUTOS = YES_AGGRESSIVE;
				GCC_WARN_UNUSED_FUNCTION = YES;
				GCC_WARN_UNUSED_VARIABLE = YES;
				IPHONEOS_DEPLOYMENT_TARGET = 9.1;
				MTL_ENABLE_DEBUG_INFO = YES;
				ONLY_ACTIVE_ARCH = YES;
				SDKROOT = iphoneos;
			};
			name = Debug;
		};
		852B88051C4F936E00D9479A /* Release */ = {
			isa = XCBuildConfiguration;
			buildSettings = {
				ALWAYS_SEARCH_USER_PATHS = NO;
				CLANG_CXX_LANGUAGE_STANDARD = "gnu++0x";
				CLANG_CXX_LIBRARY = "libc++";
				CLANG_ENABLE_MODULES = YES;
				CLANG_ENABLE_OBJC_ARC = YES;
				CLANG_WARN_BOOL_CONVERSION = YES;
				CLANG_WARN_CONSTANT_CONVERSION = YES;
				CLANG_WARN_DIRECT_OBJC_ISA_USAGE = YES_ERROR;
				CLANG_WARN_EMPTY_BODY = YES;
				CLANG_WARN_ENUM_CONVERSION = YES;
				CLANG_WARN_INT_CONVERSION = YES;
				CLANG_WARN_OBJC_ROOT_CLASS = YES_ERROR;
				CLANG_WARN_UNREACHABLE_CODE = YES;
				CLANG_WARN__DUPLICATE_METHOD_MATCH = YES;
				"CODE_SIGN_IDENTITY[sdk=iphoneos*]" = "iPhone Developer";
				COPY_PHASE_STRIP = NO;
				DEBUG_INFORMATION_FORMAT = "dwarf-with-dsym";
				ENABLE_NS_ASSERTIONS = NO;
				ENABLE_STRICT_OBJC_MSGSEND = YES;
				GCC_C_LANGUAGE_STANDARD = gnu99;
				GCC_NO_COMMON_BLOCKS = YES;
				GCC_WARN_64_TO_32_BIT_CONVERSION = YES;
				GCC_WARN_ABOUT_RETURN_TYPE = YES_ERROR;
				GCC_WARN_UNDECLARED_SELECTOR = YES;
				GCC_WARN_UNINITIALIZED_AUTOS = YES_AGGRESSIVE;
				GCC_WARN_UNUSED_FUNCTION = YES;
				GCC_WARN_UNUSED_VARIABLE = YES;
				IPHONEOS_DEPLOYMENT_TARGET = 9.1;
				MTL_ENABLE_DEBUG_INFO = NO;
				SDKROOT = iphoneos;
				VALIDATE_PRODUCT = YES;
			};
			name = Release;
		};
		852B88071C4F936E00D9479A /* Debug */ = {
			isa = XCBuildConfiguration;
			buildSettings = {
				ASSETCATALOG_COMPILER_APPICON_NAME = AppIcon;
				INFOPLIST_FILE = ZXYKit_Demo/Info.plist;
				LD_RUNPATH_SEARCH_PATHS = "$(inherited) @executable_path/Frameworks";
				PRODUCT_BUNDLE_IDENTIFIER = "com.ZXYKit-Demo";
				PRODUCT_NAME = "$(TARGET_NAME)";
			};
			name = Debug;
		};
		852B88081C4F936E00D9479A /* Release */ = {
			isa = XCBuildConfiguration;
			buildSettings = {
				ASSETCATALOG_COMPILER_APPICON_NAME = AppIcon;
				INFOPLIST_FILE = ZXYKit_Demo/Info.plist;
				LD_RUNPATH_SEARCH_PATHS = "$(inherited) @executable_path/Frameworks";
				PRODUCT_BUNDLE_IDENTIFIER = "com.ZXYKit-Demo";
				PRODUCT_NAME = "$(TARGET_NAME)";
			};
			name = Release;
		};
/* End XCBuildConfiguration section */

/* Begin XCConfigurationList section */
		852B87EA1C4F936E00D9479A /* Build configuration list for PBXProject "ZXYKit_Demo" */ = {
			isa = XCConfigurationList;
			buildConfigurations = (
				852B88041C4F936E00D9479A /* Debug */,
				852B88051C4F936E00D9479A /* Release */,
			);
			defaultConfigurationIsVisible = 0;
			defaultConfigurationName = Release;
		};
		852B88061C4F936E00D9479A /* Build configuration list for PBXNativeTarget "ZXYKit_Demo" */ = {
			isa = XCConfigurationList;
			buildConfigurations = (
				852B88071C4F936E00D9479A /* Debug */,
				852B88081C4F936E00D9479A /* Release */,
			);
			defaultConfigurationIsVisible = 0;
			defaultConfigurationName = Release;
		};
/* End XCConfigurationList section */
	};
	rootObject = 852B87E71C4F936E00D9479A /* Project object */;
}
